// !$*UTF8*$!
{
	archiveVersion = 1;
	classes = {
	};
	objectVersion = 46;
	objects = {

/* Begin PBXAggregateTarget section */
		42C0425D1B86035A002C4EBF /* Framework */ = {
			isa = PBXAggregateTarget;
			buildConfigurationList = 42C0425E1B86035A002C4EBF /* Build configuration list for PBXAggregateTarget "Framework" */;
			buildPhases = (
				42C042631B860363002C4EBF /* ShellScript */,
			);
			dependencies = (
				42C042621B860360002C4EBF /* PBXTargetDependency */,
			);
			name = Framework;
			productName = Framework;
		};
/* End PBXAggregateTarget section */

/* Begin PBXBuildFile section */
		42C041DC1B86027E002C4EBF /* DTCoreText-Prefix.pch in Headers */ = {isa = PBXBuildFile; fileRef = 42C0415B1B86027E002C4EBF /* DTCoreText-Prefix.pch */; settings = {ATTRIBUTES = (Public, ); }; };
		42C041DD1B86027E002C4EBF /* CTLineUtils.h in Headers */ = {isa = PBXBuildFile; fileRef = 42C0415D1B86027E002C4EBF /* CTLineUtils.h */; settings = {ATTRIBUTES = (Public, ); }; };
		42C041DE1B86027E002C4EBF /* CTLineUtils.m in Sources */ = {isa = PBXBuildFile; fileRef = 42C0415E1B86027E002C4EBF /* CTLineUtils.m */; };
		42C041DF1B86027E002C4EBF /* DTAccessibilityElement.h in Headers */ = {isa = PBXBuildFile; fileRef = 42C041601B86027E002C4EBF /* DTAccessibilityElement.h */; settings = {ATTRIBUTES = (Public, ); }; };
		42C041E01B86027E002C4EBF /* DTAccessibilityElement.m in Sources */ = {isa = PBXBuildFile; fileRef = 42C041611B86027E002C4EBF /* DTAccessibilityElement.m */; };
		42C041E11B86027E002C4EBF /* DTAccessibilityViewProxy.h in Headers */ = {isa = PBXBuildFile; fileRef = 42C041621B86027E002C4EBF /* DTAccessibilityViewProxy.h */; settings = {ATTRIBUTES = (Public, ); }; };
		42C041E21B86027E002C4EBF /* DTAccessibilityViewProxy.m in Sources */ = {isa = PBXBuildFile; fileRef = 42C041631B86027E002C4EBF /* DTAccessibilityViewProxy.m */; };
		42C041E31B86027E002C4EBF /* DTAnchorHTMLElement.h in Headers */ = {isa = PBXBuildFile; fileRef = 42C041641B86027E002C4EBF /* DTAnchorHTMLElement.h */; settings = {ATTRIBUTES = (Public, ); }; };
		42C041E41B86027E002C4EBF /* DTAnchorHTMLElement.m in Sources */ = {isa = PBXBuildFile; fileRef = 42C041651B86027E002C4EBF /* DTAnchorHTMLElement.m */; };
		42C041E51B86027E002C4EBF /* DTAttributedLabel.h in Headers */ = {isa = PBXBuildFile; fileRef = 42C041661B86027E002C4EBF /* DTAttributedLabel.h */; settings = {ATTRIBUTES = (Public, ); }; };
		42C041E61B86027E002C4EBF /* DTAttributedLabel.m in Sources */ = {isa = PBXBuildFile; fileRef = 42C041671B86027E002C4EBF /* DTAttributedLabel.m */; };
		42C041E71B86027E002C4EBF /* DTAttributedTextCell.h in Headers */ = {isa = PBXBuildFile; fileRef = 42C041681B86027E002C4EBF /* DTAttributedTextCell.h */; settings = {ATTRIBUTES = (Public, ); }; };
		42C041E81B86027E002C4EBF /* DTAttributedTextCell.m in Sources */ = {isa = PBXBuildFile; fileRef = 42C041691B86027E002C4EBF /* DTAttributedTextCell.m */; };
		42C041E91B86027E002C4EBF /* DTAttributedTextContentView.h in Headers */ = {isa = PBXBuildFile; fileRef = 42C0416A1B86027E002C4EBF /* DTAttributedTextContentView.h */; settings = {ATTRIBUTES = (Public, ); }; };
		42C041EA1B86027E002C4EBF /* DTAttributedTextContentView.m in Sources */ = {isa = PBXBuildFile; fileRef = 42C0416B1B86027E002C4EBF /* DTAttributedTextContentView.m */; };
		42C041EB1B86027E002C4EBF /* DTAttributedTextView.h in Headers */ = {isa = PBXBuildFile; fileRef = 42C0416C1B86027E002C4EBF /* DTAttributedTextView.h */; settings = {ATTRIBUTES = (Public, ); }; };
		42C041EC1B86027E002C4EBF /* DTAttributedTextView.m in Sources */ = {isa = PBXBuildFile; fileRef = 42C0416D1B86027E002C4EBF /* DTAttributedTextView.m */; };
		42C041ED1B86027E002C4EBF /* DTBreakHTMLElement.h in Headers */ = {isa = PBXBuildFile; fileRef = 42C0416E1B86027E002C4EBF /* DTBreakHTMLElement.h */; settings = {ATTRIBUTES = (Public, ); }; };
		42C041EE1B86027E002C4EBF /* DTBreakHTMLElement.m in Sources */ = {isa = PBXBuildFile; fileRef = 42C0416F1B86027E002C4EBF /* DTBreakHTMLElement.m */; };
		42C041EF1B86027E002C4EBF /* DTColor+Compatibility.h in Headers */ = {isa = PBXBuildFile; fileRef = 42C041701B86027E002C4EBF /* DTColor+Compatibility.h */; settings = {ATTRIBUTES = (Public, ); }; };
		42C041F01B86027E002C4EBF /* DTColor+Compatibility.m in Sources */ = {isa = PBXBuildFile; fileRef = 42C041711B86027E002C4EBF /* DTColor+Compatibility.m */; };
		42C041F11B86027E002C4EBF /* DTColorFunctions.h in Headers */ = {isa = PBXBuildFile; fileRef = 42C041721B86027E002C4EBF /* DTColorFunctions.h */; settings = {ATTRIBUTES = (Public, ); }; };
		42C041F21B86027E002C4EBF /* DTColorFunctions.m in Sources */ = {isa = PBXBuildFile; fileRef = 42C041731B86027E002C4EBF /* DTColorFunctions.m */; };
		42C041F31B86027E002C4EBF /* DTCompatibility.h in Headers */ = {isa = PBXBuildFile; fileRef = 42C041741B86027E002C4EBF /* DTCompatibility.h */; settings = {ATTRIBUTES = (Public, ); }; };
		42C041F41B86027E002C4EBF /* DTCoreText.h in Headers */ = {isa = PBXBuildFile; fileRef = 42C041751B86027E002C4EBF /* DTCoreText.h */; settings = {ATTRIBUTES = (Public, ); }; };
		42C041F51B86027E002C4EBF /* DTCoreTextConstants.h in Headers */ = {isa = PBXBuildFile; fileRef = 42C041761B86027E002C4EBF /* DTCoreTextConstants.h */; settings = {ATTRIBUTES = (Public, ); }; };
		42C041F61B86027E002C4EBF /* DTCoreTextConstants.m in Sources */ = {isa = PBXBuildFile; fileRef = 42C041771B86027E002C4EBF /* DTCoreTextConstants.m */; };
		42C041F71B86027E002C4EBF /* DTCoreTextFontCollection.h in Headers */ = {isa = PBXBuildFile; fileRef = 42C041781B86027E002C4EBF /* DTCoreTextFontCollection.h */; settings = {ATTRIBUTES = (Public, ); }; };
		42C041F81B86027E002C4EBF /* DTCoreTextFontCollection.m in Sources */ = {isa = PBXBuildFile; fileRef = 42C041791B86027E002C4EBF /* DTCoreTextFontCollection.m */; };
		42C041F91B86027E002C4EBF /* DTCoreTextFontDescriptor.h in Headers */ = {isa = PBXBuildFile; fileRef = 42C0417A1B86027E002C4EBF /* DTCoreTextFontDescriptor.h */; settings = {ATTRIBUTES = (Public, ); }; };
		42C041FA1B86027E002C4EBF /* DTCoreTextFontDescriptor.m in Sources */ = {isa = PBXBuildFile; fileRef = 42C0417B1B86027E002C4EBF /* DTCoreTextFontDescriptor.m */; };
		42C041FB1B86027E002C4EBF /* DTCoreTextFunctions.h in Headers */ = {isa = PBXBuildFile; fileRef = 42C0417C1B86027E002C4EBF /* DTCoreTextFunctions.h */; settings = {ATTRIBUTES = (Public, ); }; };
		42C041FC1B86027E002C4EBF /* DTCoreTextFunctions.m in Sources */ = {isa = PBXBuildFile; fileRef = 42C0417D1B86027E002C4EBF /* DTCoreTextFunctions.m */; };
		42C041FD1B86027E002C4EBF /* DTCoreTextGlyphRun.h in Headers */ = {isa = PBXBuildFile; fileRef = 42C0417E1B86027E002C4EBF /* DTCoreTextGlyphRun.h */; settings = {ATTRIBUTES = (Public, ); }; };
		42C041FE1B86027E002C4EBF /* DTCoreTextGlyphRun.m in Sources */ = {isa = PBXBuildFile; fileRef = 42C0417F1B86027E002C4EBF /* DTCoreTextGlyphRun.m */; };
		42C041FF1B86027E002C4EBF /* DTCoreTextLayouter.h in Headers */ = {isa = PBXBuildFile; fileRef = 42C041801B86027E002C4EBF /* DTCoreTextLayouter.h */; settings = {ATTRIBUTES = (Public, ); }; };
		42C042001B86027E002C4EBF /* DTCoreTextLayouter.m in Sources */ = {isa = PBXBuildFile; fileRef = 42C041811B86027E002C4EBF /* DTCoreTextLayouter.m */; };
		42C042011B86027E002C4EBF /* DTCoreTextLayoutFrame+Cursor.h in Headers */ = {isa = PBXBuildFile; fileRef = 42C041821B86027E002C4EBF /* DTCoreTextLayoutFrame+Cursor.h */; settings = {ATTRIBUTES = (Public, ); }; };
		42C042021B86027E002C4EBF /* DTCoreTextLayoutFrame+Cursor.m in Sources */ = {isa = PBXBuildFile; fileRef = 42C041831B86027E002C4EBF /* DTCoreTextLayoutFrame+Cursor.m */; };
		42C042031B86027E002C4EBF /* DTCoreTextLayoutFrame.h in Headers */ = {isa = PBXBuildFile; fileRef = 42C041841B86027E002C4EBF /* DTCoreTextLayoutFrame.h */; settings = {ATTRIBUTES = (Public, ); }; };
		42C042041B86027E002C4EBF /* DTCoreTextLayoutFrame.m in Sources */ = {isa = PBXBuildFile; fileRef = 42C041851B86027E002C4EBF /* DTCoreTextLayoutFrame.m */; };
		42C042051B86027E002C4EBF /* DTCoreTextLayoutFrameAccessibilityElementGenerator.h in Headers */ = {isa = PBXBuildFile; fileRef = 42C041861B86027E002C4EBF /* DTCoreTextLayoutFrameAccessibilityElementGenerator.h */; settings = {ATTRIBUTES = (Public, ); }; };
		42C042061B86027E002C4EBF /* DTCoreTextLayoutFrameAccessibilityElementGenerator.m in Sources */ = {isa = PBXBuildFile; fileRef = 42C041871B86027E002C4EBF /* DTCoreTextLayoutFrameAccessibilityElementGenerator.m */; };
		42C042071B86027E002C4EBF /* DTCoreTextLayoutLine.h in Headers */ = {isa = PBXBuildFile; fileRef = 42C041881B86027E002C4EBF /* DTCoreTextLayoutLine.h */; settings = {ATTRIBUTES = (Public, ); }; };
		42C042081B86027E002C4EBF /* DTCoreTextLayoutLine.m in Sources */ = {isa = PBXBuildFile; fileRef = 42C041891B86027E002C4EBF /* DTCoreTextLayoutLine.m */; };
		42C042091B86027E002C4EBF /* DTCoreTextMacros.h in Headers */ = {isa = PBXBuildFile; fileRef = 42C0418A1B86027E002C4EBF /* DTCoreTextMacros.h */; settings = {ATTRIBUTES = (Public, ); }; };
		42C0420A1B86027E002C4EBF /* DTCoreTextParagraphStyle.h in Headers */ = {isa = PBXBuildFile; fileRef = 42C0418B1B86027E002C4EBF /* DTCoreTextParagraphStyle.h */; settings = {ATTRIBUTES = (Public, ); }; };
		42C0420B1B86027E002C4EBF /* DTCoreTextParagraphStyle.m in Sources */ = {isa = PBXBuildFile; fileRef = 42C0418C1B86027E002C4EBF /* DTCoreTextParagraphStyle.m */; };
		42C0420C1B86027E002C4EBF /* DTCSSListStyle.h in Headers */ = {isa = PBXBuildFile; fileRef = 42C0418D1B86027E002C4EBF /* DTCSSListStyle.h */; settings = {ATTRIBUTES = (Public, ); }; };
		42C0420D1B86027E002C4EBF /* DTCSSListStyle.m in Sources */ = {isa = PBXBuildFile; fileRef = 42C0418E1B86027E002C4EBF /* DTCSSListStyle.m */; };
		42C0420E1B86027E002C4EBF /* DTCSSStylesheet.h in Headers */ = {isa = PBXBuildFile; fileRef = 42C0418F1B86027E002C4EBF /* DTCSSStylesheet.h */; settings = {ATTRIBUTES = (Public, ); }; };
		42C0420F1B86027E002C4EBF /* DTCSSStylesheet.m in Sources */ = {isa = PBXBuildFile; fileRef = 42C041901B86027E002C4EBF /* DTCSSStylesheet.m */; };
		42C042101B86027E002C4EBF /* DTDictationPlaceholderTextAttachment.h in Headers */ = {isa = PBXBuildFile; fileRef = 42C041911B86027E002C4EBF /* DTDictationPlaceholderTextAttachment.h */; settings = {ATTRIBUTES = (Public, ); }; };
		42C042111B86027E002C4EBF /* DTDictationPlaceholderTextAttachment.m in Sources */ = {isa = PBXBuildFile; fileRef = 42C041921B86027E002C4EBF /* DTDictationPlaceholderTextAttachment.m */; };
		42C042121B86027E002C4EBF /* DTDictationPlaceholderView.h in Headers */ = {isa = PBXBuildFile; fileRef = 42C041931B86027E002C4EBF /* DTDictationPlaceholderView.h */; settings = {ATTRIBUTES = (Public, ); }; };
		42C042131B86027E002C4EBF /* DTDictationPlaceholderView.m in Sources */ = {isa = PBXBuildFile; fileRef = 42C041941B86027E002C4EBF /* DTDictationPlaceholderView.m */; };
		42C042141B86027E002C4EBF /* DTHorizontalRuleHTMLElement.h in Headers */ = {isa = PBXBuildFile; fileRef = 42C041951B86027E002C4EBF /* DTHorizontalRuleHTMLElement.h */; settings = {ATTRIBUTES = (Public, ); }; };
		42C042151B86027E002C4EBF /* DTHorizontalRuleHTMLElement.m in Sources */ = {isa = PBXBuildFile; fileRef = 42C041961B86027E002C4EBF /* DTHorizontalRuleHTMLElement.m */; };
		42C042161B86027E002C4EBF /* DTHTMLAttributedStringBuilder.h in Headers */ = {isa = PBXBuildFile; fileRef = 42C041971B86027E002C4EBF /* DTHTMLAttributedStringBuilder.h */; settings = {ATTRIBUTES = (Public, ); }; };
		42C042171B86027E002C4EBF /* DTHTMLAttributedStringBuilder.m in Sources */ = {isa = PBXBuildFile; fileRef = 42C041981B86027E002C4EBF /* DTHTMLAttributedStringBuilder.m */; };
		42C042181B86027E002C4EBF /* DTHTMLElement.h in Headers */ = {isa = PBXBuildFile; fileRef = 42C041991B86027E002C4EBF /* DTHTMLElement.h */; settings = {ATTRIBUTES = (Public, ); }; };
		42C042191B86027E002C4EBF /* DTHTMLElement.m in Sources */ = {isa = PBXBuildFile; fileRef = 42C0419A1B86027E002C4EBF /* DTHTMLElement.m */; };
		42C0421A1B86027E002C4EBF /* DTHTMLParserNode.h in Headers */ = {isa = PBXBuildFile; fileRef = 42C0419B1B86027E002C4EBF /* DTHTMLParserNode.h */; settings = {ATTRIBUTES = (Public, ); }; };
		42C0421B1B86027E002C4EBF /* DTHTMLParserNode.m in Sources */ = {isa = PBXBuildFile; fileRef = 42C0419C1B86027E002C4EBF /* DTHTMLParserNode.m */; };
		42C0421C1B86027E002C4EBF /* DTHTMLParserTextNode.h in Headers */ = {isa = PBXBuildFile; fileRef = 42C0419D1B86027E002C4EBF /* DTHTMLParserTextNode.h */; settings = {ATTRIBUTES = (Public, ); }; };
		42C0421D1B86027E002C4EBF /* DTHTMLParserTextNode.m in Sources */ = {isa = PBXBuildFile; fileRef = 42C0419E1B86027E002C4EBF /* DTHTMLParserTextNode.m */; };
		42C0421E1B86027E002C4EBF /* DTHTMLWriter.h in Headers */ = {isa = PBXBuildFile; fileRef = 42C0419F1B86027E002C4EBF /* DTHTMLWriter.h */; settings = {ATTRIBUTES = (Public, ); }; };
		42C0421F1B86027E002C4EBF /* DTHTMLWriter.m in Sources */ = {isa = PBXBuildFile; fileRef = 42C041A01B86027E002C4EBF /* DTHTMLWriter.m */; };
		42C042201B86027E002C4EBF /* DTIframeTextAttachment.h in Headers */ = {isa = PBXBuildFile; fileRef = 42C041A11B86027E002C4EBF /* DTIframeTextAttachment.h */; settings = {ATTRIBUTES = (Public, ); }; };
		42C042211B86027E002C4EBF /* DTIframeTextAttachment.m in Sources */ = {isa = PBXBuildFile; fileRef = 42C041A21B86027E002C4EBF /* DTIframeTextAttachment.m */; };
		42C042221B86027E002C4EBF /* DTImage+HTML.h in Headers */ = {isa = PBXBuildFile; fileRef = 42C041A31B86027E002C4EBF /* DTImage+HTML.h */; settings = {ATTRIBUTES = (Public, ); }; };
		42C042231B86027E002C4EBF /* DTImage+HTML.m in Sources */ = {isa = PBXBuildFile; fileRef = 42C041A41B86027E002C4EBF /* DTImage+HTML.m */; };
		42C042241B86027E002C4EBF /* DTImageTextAttachment.h in Headers */ = {isa = PBXBuildFile; fileRef = 42C041A51B86027E002C4EBF /* DTImageTextAttachment.h */; settings = {ATTRIBUTES = (Public, ); }; };
		42C042251B86027E002C4EBF /* DTImageTextAttachment.m in Sources */ = {isa = PBXBuildFile; fileRef = 42C041A61B86027E002C4EBF /* DTImageTextAttachment.m */; };
		42C042261B86027F002C4EBF /* DTLazyImageView.h in Headers */ = {isa = PBXBuildFile; fileRef = 42C041A71B86027E002C4EBF /* DTLazyImageView.h */; settings = {ATTRIBUTES = (Public, ); }; };
		42C042271B86027F002C4EBF /* DTLazyImageView.m in Sources */ = {isa = PBXBuildFile; fileRef = 42C041A81B86027E002C4EBF /* DTLazyImageView.m */; };
		42C042281B86027F002C4EBF /* DTLinkButton.h in Headers */ = {isa = PBXBuildFile; fileRef = 42C041A91B86027E002C4EBF /* DTLinkButton.h */; settings = {ATTRIBUTES = (Public, ); }; };
		42C042291B86027F002C4EBF /* DTLinkButton.m in Sources */ = {isa = PBXBuildFile; fileRef = 42C041AA1B86027E002C4EBF /* DTLinkButton.m */; };
		42C0422A1B86027F002C4EBF /* DTListItemHTMLElement.h in Headers */ = {isa = PBXBuildFile; fileRef = 42C041AB1B86027E002C4EBF /* DTListItemHTMLElement.h */; settings = {ATTRIBUTES = (Public, ); }; };
		42C0422B1B86027F002C4EBF /* DTListItemHTMLElement.m in Sources */ = {isa = PBXBuildFile; fileRef = 42C041AC1B86027E002C4EBF /* DTListItemHTMLElement.m */; };
		42C0422C1B86027F002C4EBF /* DTObjectTextAttachment.h in Headers */ = {isa = PBXBuildFile; fileRef = 42C041AD1B86027E002C4EBF /* DTObjectTextAttachment.h */; settings = {ATTRIBUTES = (Public, ); }; };
		42C0422D1B86027F002C4EBF /* DTObjectTextAttachment.m in Sources */ = {isa = PBXBuildFile; fileRef = 42C041AE1B86027E002C4EBF /* DTObjectTextAttachment.m */; };
		42C0422E1B86027F002C4EBF /* DTStylesheetHTMLElement.h in Headers */ = {isa = PBXBuildFile; fileRef = 42C041AF1B86027E002C4EBF /* DTStylesheetHTMLElement.h */; settings = {ATTRIBUTES = (Public, ); }; };
		42C0422F1B86027F002C4EBF /* DTStylesheetHTMLElement.m in Sources */ = {isa = PBXBuildFile; fileRef = 42C041B01B86027E002C4EBF /* DTStylesheetHTMLElement.m */; };
		42C042301B86027F002C4EBF /* DTTextAttachment.h in Headers */ = {isa = PBXBuildFile; fileRef = 42C041B11B86027E002C4EBF /* DTTextAttachment.h */; settings = {ATTRIBUTES = (Public, ); }; };
		42C042311B86027F002C4EBF /* DTTextAttachment.m in Sources */ = {isa = PBXBuildFile; fileRef = 42C041B21B86027E002C4EBF /* DTTextAttachment.m */; };
		42C042321B86027F002C4EBF /* DTTextAttachmentHTMLElement.h in Headers */ = {isa = PBXBuildFile; fileRef = 42C041B31B86027E002C4EBF /* DTTextAttachmentHTMLElement.h */; settings = {ATTRIBUTES = (Public, ); }; };
		42C042331B86027F002C4EBF /* DTTextAttachmentHTMLElement.m in Sources */ = {isa = PBXBuildFile; fileRef = 42C041B41B86027E002C4EBF /* DTTextAttachmentHTMLElement.m */; };
		42C042341B86027F002C4EBF /* DTTextBlock.h in Headers */ = {isa = PBXBuildFile; fileRef = 42C041B51B86027E002C4EBF /* DTTextBlock.h */; settings = {ATTRIBUTES = (Public, ); }; };
		42C042351B86027F002C4EBF /* DTTextBlock.m in Sources */ = {isa = PBXBuildFile; fileRef = 42C041B61B86027E002C4EBF /* DTTextBlock.m */; };
		42C042361B86027F002C4EBF /* DTTextHTMLElement.h in Headers */ = {isa = PBXBuildFile; fileRef = 42C041B71B86027E002C4EBF /* DTTextHTMLElement.h */; settings = {ATTRIBUTES = (Public, ); }; };
		42C042371B86027F002C4EBF /* DTTextHTMLElement.m in Sources */ = {isa = PBXBuildFile; fileRef = 42C041B81B86027E002C4EBF /* DTTextHTMLElement.m */; };
		42C042381B86027F002C4EBF /* DTVideoTextAttachment.h in Headers */ = {isa = PBXBuildFile; fileRef = 42C041B91B86027E002C4EBF /* DTVideoTextAttachment.h */; settings = {ATTRIBUTES = (Public, ); }; };
		42C042391B86027F002C4EBF /* DTVideoTextAttachment.m in Sources */ = {isa = PBXBuildFile; fileRef = 42C041BA1B86027E002C4EBF /* DTVideoTextAttachment.m */; };
		42C0423A1B86027F002C4EBF /* DTWeakSupport.h in Headers */ = {isa = PBXBuildFile; fileRef = 42C041BB1B86027E002C4EBF /* DTWeakSupport.h */; settings = {ATTRIBUTES = (Public, ); }; };
		42C0423B1B86027F002C4EBF /* DTWebVideoView.h in Headers */ = {isa = PBXBuildFile; fileRef = 42C041BC1B86027E002C4EBF /* DTWebVideoView.h */; settings = {ATTRIBUTES = (Public, ); }; };
		42C0423C1B86027F002C4EBF /* DTWebVideoView.m in Sources */ = {isa = PBXBuildFile; fileRef = 42C041BD1B86027E002C4EBF /* DTWebVideoView.m */; };
		42C0423D1B86027F002C4EBF /* NSAttributedString+DTCoreText.h in Headers */ = {isa = PBXBuildFile; fileRef = 42C041BE1B86027E002C4EBF /* NSAttributedString+DTCoreText.h */; settings = {ATTRIBUTES = (Public, ); }; };
		42C0423E1B86027F002C4EBF /* NSAttributedString+DTCoreText.m in Sources */ = {isa = PBXBuildFile; fileRef = 42C041BF1B86027E002C4EBF /* NSAttributedString+DTCoreText.m */; };
		42C0423F1B86027F002C4EBF /* NSAttributedString+DTDebug.h in Headers */ = {isa = PBXBuildFile; fileRef = 42C041C01B86027E002C4EBF /* NSAttributedString+DTDebug.h */; settings = {ATTRIBUTES = (Public, ); }; };
		42C042401B86027F002C4EBF /* NSAttributedString+DTDebug.m in Sources */ = {isa = PBXBuildFile; fileRef = 42C041C11B86027E002C4EBF /* NSAttributedString+DTDebug.m */; };
		42C042411B86027F002C4EBF /* NSAttributedString+HTML.h in Headers */ = {isa = PBXBuildFile; fileRef = 42C041C21B86027E002C4EBF /* NSAttributedString+HTML.h */; settings = {ATTRIBUTES = (Public, ); }; };
		42C042421B86027F002C4EBF /* NSAttributedString+HTML.m in Sources */ = {isa = PBXBuildFile; fileRef = 42C041C31B86027E002C4EBF /* NSAttributedString+HTML.m */; };
		42C042431B86027F002C4EBF /* NSAttributedString+SmallCaps.h in Headers */ = {isa = PBXBuildFile; fileRef = 42C041C41B86027E002C4EBF /* NSAttributedString+SmallCaps.h */; settings = {ATTRIBUTES = (Public, ); }; };
		42C042441B86027F002C4EBF /* NSAttributedString+SmallCaps.m in Sources */ = {isa = PBXBuildFile; fileRef = 42C041C51B86027E002C4EBF /* NSAttributedString+SmallCaps.m */; };
		42C042451B86027F002C4EBF /* NSAttributedStringRunDelegates.h in Headers */ = {isa = PBXBuildFile; fileRef = 42C041C61B86027E002C4EBF /* NSAttributedStringRunDelegates.h */; settings = {ATTRIBUTES = (Public, ); }; };
		42C042461B86027F002C4EBF /* NSAttributedStringRunDelegates.m in Sources */ = {isa = PBXBuildFile; fileRef = 42C041C71B86027E002C4EBF /* NSAttributedStringRunDelegates.m */; };
		42C042471B86027F002C4EBF /* NSCharacterSet+HTML.h in Headers */ = {isa = PBXBuildFile; fileRef = 42C041C81B86027E002C4EBF /* NSCharacterSet+HTML.h */; settings = {ATTRIBUTES = (Public, ); }; };
		42C042481B86027F002C4EBF /* NSCharacterSet+HTML.m in Sources */ = {isa = PBXBuildFile; fileRef = 42C041C91B86027E002C4EBF /* NSCharacterSet+HTML.m */; };
		42C042491B86027F002C4EBF /* NSCoder+DTCompatibility.h in Headers */ = {isa = PBXBuildFile; fileRef = 42C041CA1B86027E002C4EBF /* NSCoder+DTCompatibility.h */; settings = {ATTRIBUTES = (Public, ); }; };
		42C0424A1B86027F002C4EBF /* NSCoder+DTCompatibility.m in Sources */ = {isa = PBXBuildFile; fileRef = 42C041CB1B86027E002C4EBF /* NSCoder+DTCompatibility.m */; };
		42C0424B1B86027F002C4EBF /* NSDictionary+DTCoreText.h in Headers */ = {isa = PBXBuildFile; fileRef = 42C041CC1B86027E002C4EBF /* NSDictionary+DTCoreText.h */; settings = {ATTRIBUTES = (Public, ); }; };
		42C0424C1B86027F002C4EBF /* NSDictionary+DTCoreText.m in Sources */ = {isa = PBXBuildFile; fileRef = 42C041CD1B86027E002C4EBF /* NSDictionary+DTCoreText.m */; };
		42C0424D1B86027F002C4EBF /* NSMutableAttributedString+HTML.h in Headers */ = {isa = PBXBuildFile; fileRef = 42C041CE1B86027E002C4EBF /* NSMutableAttributedString+HTML.h */; settings = {ATTRIBUTES = (Public, ); }; };
		42C0424E1B86027F002C4EBF /* NSMutableAttributedString+HTML.m in Sources */ = {isa = PBXBuildFile; fileRef = 42C041CF1B86027E002C4EBF /* NSMutableAttributedString+HTML.m */; };
		42C0424F1B86027F002C4EBF /* NSMutableString+HTML.h in Headers */ = {isa = PBXBuildFile; fileRef = 42C041D01B86027E002C4EBF /* NSMutableString+HTML.h */; settings = {ATTRIBUTES = (Public, ); }; };
		42C042501B86027F002C4EBF /* NSMutableString+HTML.m in Sources */ = {isa = PBXBuildFile; fileRef = 42C041D11B86027E002C4EBF /* NSMutableString+HTML.m */; };
		42C042511B86027F002C4EBF /* NSScanner+HTML.h in Headers */ = {isa = PBXBuildFile; fileRef = 42C041D21B86027E002C4EBF /* NSScanner+HTML.h */; settings = {ATTRIBUTES = (Public, ); }; };
		42C042521B86027F002C4EBF /* NSScanner+HTML.m in Sources */ = {isa = PBXBuildFile; fileRef = 42C041D31B86027E002C4EBF /* NSScanner+HTML.m */; };
		42C042531B86027F002C4EBF /* NSString+CSS.h in Headers */ = {isa = PBXBuildFile; fileRef = 42C041D41B86027E002C4EBF /* NSString+CSS.h */; settings = {ATTRIBUTES = (Public, ); }; };
		42C042541B86027F002C4EBF /* NSString+CSS.m in Sources */ = {isa = PBXBuildFile; fileRef = 42C041D51B86027E002C4EBF /* NSString+CSS.m */; };
		42C042551B86027F002C4EBF /* NSString+HTML.h in Headers */ = {isa = PBXBuildFile; fileRef = 42C041D61B86027E002C4EBF /* NSString+HTML.h */; settings = {ATTRIBUTES = (Public, ); }; };
		42C042561B86027F002C4EBF /* NSString+HTML.m in Sources */ = {isa = PBXBuildFile; fileRef = 42C041D71B86027E002C4EBF /* NSString+HTML.m */; };
		42C042571B86027F002C4EBF /* NSString+Paragraphs.h in Headers */ = {isa = PBXBuildFile; fileRef = 42C041D81B86027E002C4EBF /* NSString+Paragraphs.h */; settings = {ATTRIBUTES = (Public, ); }; };
		42C042581B86027F002C4EBF /* NSString+Paragraphs.m in Sources */ = {isa = PBXBuildFile; fileRef = 42C041D91B86027E002C4EBF /* NSString+Paragraphs.m */; };
		42C042591B86027F002C4EBF /* UIFont+DTCoreText.h in Headers */ = {isa = PBXBuildFile; fileRef = 42C041DA1B86027E002C4EBF /* UIFont+DTCoreText.h */; settings = {ATTRIBUTES = (Public, ); }; };
		42C0425A1B86027F002C4EBF /* UIFont+DTCoreText.m in Sources */ = {isa = PBXBuildFile; fileRef = 42C041DB1B86027E002C4EBF /* UIFont+DTCoreText.m */; };
		42C0425C1B86028A002C4EBF /* DTFoundation.framework in Frameworks */ = {isa = PBXBuildFile; fileRef = 42C0425B1B86028A002C4EBF /* DTFoundation.framework */; };
/* End PBXBuildFile section */

/* Begin PBXContainerItemProxy section */
		42C042611B860360002C4EBF /* PBXContainerItemProxy */ = {
			isa = PBXContainerItemProxy;
			containerPortal = 42C041351B86022B002C4EBF /* Project object */;
			proxyType = 1;
			remoteGlobalIDString = 42C0413C1B86022B002C4EBF;
			remoteInfo = DTCoreText;
		};
/* End PBXContainerItemProxy section */

/* Begin PBXCopyFilesBuildPhase section */
		42C0413B1B86022B002C4EBF /* CopyFiles */ = {
			isa = PBXCopyFilesBuildPhase;
			buildActionMask = 2147483647;
			dstPath = "include/$(PRODUCT_NAME)";
			dstSubfolderSpec = 16;
			files = (
			);
			runOnlyForDeploymentPostprocessing = 0;
		};
/* End PBXCopyFilesBuildPhase section */

/* Begin PBXFileReference section */
		42C0413D1B86022B002C4EBF /* libDTCoreText.a */ = {isa = PBXFileReference; explicitFileType = archive.ar; includeInIndex = 0; path = libDTCoreText.a; sourceTree = BUILT_PRODUCTS_DIR; };
		42C0415B1B86027E002C4EBF /* DTCoreText-Prefix.pch */ = {isa = PBXFileReference; fileEncoding = 4; lastKnownFileType = sourcecode.c.h; path = "DTCoreText-Prefix.pch"; sourceTree = "<group>"; };
		42C0415D1B86027E002C4EBF /* CTLineUtils.h */ = {isa = PBXFileReference; fileEncoding = 4; lastKnownFileType = sourcecode.c.h; path = CTLineUtils.h; sourceTree = "<group>"; };
		42C0415E1B86027E002C4EBF /* CTLineUtils.m */ = {isa = PBXFileReference; fileEncoding = 4; lastKnownFileType = sourcecode.c.objc; path = CTLineUtils.m; sourceTree = "<group>"; };
		42C041601B86027E002C4EBF /* DTAccessibilityElement.h */ = {isa = PBXFileReference; fileEncoding = 4; lastKnownFileType = sourcecode.c.h; path = DTAccessibilityElement.h; sourceTree = "<group>"; };
		42C041611B86027E002C4EBF /* DTAccessibilityElement.m */ = {isa = PBXFileReference; fileEncoding = 4; lastKnownFileType = sourcecode.c.objc; path = DTAccessibilityElement.m; sourceTree = "<group>"; };
		42C041621B86027E002C4EBF /* DTAccessibilityViewProxy.h */ = {isa = PBXFileReference; fileEncoding = 4; lastKnownFileType = sourcecode.c.h; path = DTAccessibilityViewProxy.h; sourceTree = "<group>"; };
		42C041631B86027E002C4EBF /* DTAccessibilityViewProxy.m */ = {isa = PBXFileReference; fileEncoding = 4; lastKnownFileType = sourcecode.c.objc; path = DTAccessibilityViewProxy.m; sourceTree = "<group>"; };
		42C041641B86027E002C4EBF /* DTAnchorHTMLElement.h */ = {isa = PBXFileReference; fileEncoding = 4; lastKnownFileType = sourcecode.c.h; path = DTAnchorHTMLElement.h; sourceTree = "<group>"; };
		42C041651B86027E002C4EBF /* DTAnchorHTMLElement.m */ = {isa = PBXFileReference; fileEncoding = 4; lastKnownFileType = sourcecode.c.objc; path = DTAnchorHTMLElement.m; sourceTree = "<group>"; };
		42C041661B86027E002C4EBF /* DTAttributedLabel.h */ = {isa = PBXFileReference; fileEncoding = 4; lastKnownFileType = sourcecode.c.h; path = DTAttributedLabel.h; sourceTree = "<group>"; };
		42C041671B86027E002C4EBF /* DTAttributedLabel.m */ = {isa = PBXFileReference; fileEncoding = 4; lastKnownFileType = sourcecode.c.objc; path = DTAttributedLabel.m; sourceTree = "<group>"; };
		42C041681B86027E002C4EBF /* DTAttributedTextCell.h */ = {isa = PBXFileReference; fileEncoding = 4; lastKnownFileType = sourcecode.c.h; path = DTAttributedTextCell.h; sourceTree = "<group>"; };
		42C041691B86027E002C4EBF /* DTAttributedTextCell.m */ = {isa = PBXFileReference; fileEncoding = 4; lastKnownFileType = sourcecode.c.objc; path = DTAttributedTextCell.m; sourceTree = "<group>"; };
		42C0416A1B86027E002C4EBF /* DTAttributedTextContentView.h */ = {isa = PBXFileReference; fileEncoding = 4; lastKnownFileType = sourcecode.c.h; path = DTAttributedTextContentView.h; sourceTree = "<group>"; };
		42C0416B1B86027E002C4EBF /* DTAttributedTextContentView.m */ = {isa = PBXFileReference; fileEncoding = 4; lastKnownFileType = sourcecode.c.objc; path = DTAttributedTextContentView.m; sourceTree = "<group>"; };
		42C0416C1B86027E002C4EBF /* DTAttributedTextView.h */ = {isa = PBXFileReference; fileEncoding = 4; lastKnownFileType = sourcecode.c.h; path = DTAttributedTextView.h; sourceTree = "<group>"; };
		42C0416D1B86027E002C4EBF /* DTAttributedTextView.m */ = {isa = PBXFileReference; fileEncoding = 4; lastKnownFileType = sourcecode.c.objc; path = DTAttributedTextView.m; sourceTree = "<group>"; };
		42C0416E1B86027E002C4EBF /* DTBreakHTMLElement.h */ = {isa = PBXFileReference; fileEncoding = 4; lastKnownFileType = sourcecode.c.h; path = DTBreakHTMLElement.h; sourceTree = "<group>"; };
		42C0416F1B86027E002C4EBF /* DTBreakHTMLElement.m */ = {isa = PBXFileReference; fileEncoding = 4; lastKnownFileType = sourcecode.c.objc; path = DTBreakHTMLElement.m; sourceTree = "<group>"; };
		42C041701B86027E002C4EBF /* DTColor+Compatibility.h */ = {isa = PBXFileReference; fileEncoding = 4; lastKnownFileType = sourcecode.c.h; path = "DTColor+Compatibility.h"; sourceTree = "<group>"; };
		42C041711B86027E002C4EBF /* DTColor+Compatibility.m */ = {isa = PBXFileReference; fileEncoding = 4; lastKnownFileType = sourcecode.c.objc; path = "DTColor+Compatibility.m"; sourceTree = "<group>"; };
		42C041721B86027E002C4EBF /* DTColorFunctions.h */ = {isa = PBXFileReference; fileEncoding = 4; lastKnownFileType = sourcecode.c.h; path = DTColorFunctions.h; sourceTree = "<group>"; };
		42C041731B86027E002C4EBF /* DTColorFunctions.m */ = {isa = PBXFileReference; fileEncoding = 4; lastKnownFileType = sourcecode.c.objc; path = DTColorFunctions.m; sourceTree = "<group>"; };
		42C041741B86027E002C4EBF /* DTCompatibility.h */ = {isa = PBXFileReference; fileEncoding = 4; lastKnownFileType = sourcecode.c.h; path = DTCompatibility.h; sourceTree = "<group>"; };
		42C041751B86027E002C4EBF /* DTCoreText.h */ = {isa = PBXFileReference; fileEncoding = 4; lastKnownFileType = sourcecode.c.h; path = DTCoreText.h; sourceTree = "<group>"; };
		42C041761B86027E002C4EBF /* DTCoreTextConstants.h */ = {isa = PBXFileReference; fileEncoding = 4; lastKnownFileType = sourcecode.c.h; path = DTCoreTextConstants.h; sourceTree = "<group>"; };
		42C041771B86027E002C4EBF /* DTCoreTextConstants.m */ = {isa = PBXFileReference; fileEncoding = 4; lastKnownFileType = sourcecode.c.objc; path = DTCoreTextConstants.m; sourceTree = "<group>"; };
		42C041781B86027E002C4EBF /* DTCoreTextFontCollection.h */ = {isa = PBXFileReference; fileEncoding = 4; lastKnownFileType = sourcecode.c.h; path = DTCoreTextFontCollection.h; sourceTree = "<group>"; };
		42C041791B86027E002C4EBF /* DTCoreTextFontCollection.m */ = {isa = PBXFileReference; fileEncoding = 4; lastKnownFileType = sourcecode.c.objc; path = DTCoreTextFontCollection.m; sourceTree = "<group>"; };
		42C0417A1B86027E002C4EBF /* DTCoreTextFontDescriptor.h */ = {isa = PBXFileReference; fileEncoding = 4; lastKnownFileType = sourcecode.c.h; path = DTCoreTextFontDescriptor.h; sourceTree = "<group>"; };
		42C0417B1B86027E002C4EBF /* DTCoreTextFontDescriptor.m */ = {isa = PBXFileReference; fileEncoding = 4; lastKnownFileType = sourcecode.c.objc; path = DTCoreTextFontDescriptor.m; sourceTree = "<group>"; };
		42C0417C1B86027E002C4EBF /* DTCoreTextFunctions.h */ = {isa = PBXFileReference; fileEncoding = 4; lastKnownFileType = sourcecode.c.h; path = DTCoreTextFunctions.h; sourceTree = "<group>"; };
		42C0417D1B86027E002C4EBF /* DTCoreTextFunctions.m */ = {isa = PBXFileReference; fileEncoding = 4; lastKnownFileType = sourcecode.c.objc; path = DTCoreTextFunctions.m; sourceTree = "<group>"; };
		42C0417E1B86027E002C4EBF /* DTCoreTextGlyphRun.h */ = {isa = PBXFileReference; fileEncoding = 4; lastKnownFileType = sourcecode.c.h; path = DTCoreTextGlyphRun.h; sourceTree = "<group>"; };
		42C0417F1B86027E002C4EBF /* DTCoreTextGlyphRun.m */ = {isa = PBXFileReference; fileEncoding = 4; lastKnownFileType = sourcecode.c.objc; path = DTCoreTextGlyphRun.m; sourceTree = "<group>"; };
		42C041801B86027E002C4EBF /* DTCoreTextLayouter.h */ = {isa = PBXFileReference; fileEncoding = 4; lastKnownFileType = sourcecode.c.h; path = DTCoreTextLayouter.h; sourceTree = "<group>"; };
		42C041811B86027E002C4EBF /* DTCoreTextLayouter.m */ = {isa = PBXFileReference; fileEncoding = 4; lastKnownFileType = sourcecode.c.objc; path = DTCoreTextLayouter.m; sourceTree = "<group>"; };
		42C041821B86027E002C4EBF /* DTCoreTextLayoutFrame+Cursor.h */ = {isa = PBXFileReference; fileEncoding = 4; lastKnownFileType = sourcecode.c.h; path = "DTCoreTextLayoutFrame+Cursor.h"; sourceTree = "<group>"; };
		42C041831B86027E002C4EBF /* DTCoreTextLayoutFrame+Cursor.m */ = {isa = PBXFileReference; fileEncoding = 4; lastKnownFileType = sourcecode.c.objc; path = "DTCoreTextLayoutFrame+Cursor.m"; sourceTree = "<group>"; };
		42C041841B86027E002C4EBF /* DTCoreTextLayoutFrame.h */ = {isa = PBXFileReference; fileEncoding = 4; lastKnownFileType = sourcecode.c.h; path = DTCoreTextLayoutFrame.h; sourceTree = "<group>"; };
		42C041851B86027E002C4EBF /* DTCoreTextLayoutFrame.m */ = {isa = PBXFileReference; fileEncoding = 4; lastKnownFileType = sourcecode.c.objc; path = DTCoreTextLayoutFrame.m; sourceTree = "<group>"; };
		42C041861B86027E002C4EBF /* DTCoreTextLayoutFrameAccessibilityElementGenerator.h */ = {isa = PBXFileReference; fileEncoding = 4; lastKnownFileType = sourcecode.c.h; path = DTCoreTextLayoutFrameAccessibilityElementGenerator.h; sourceTree = "<group>"; };
		42C041871B86027E002C4EBF /* DTCoreTextLayoutFrameAccessibilityElementGenerator.m */ = {isa = PBXFileReference; fileEncoding = 4; lastKnownFileType = sourcecode.c.objc; path = DTCoreTextLayoutFrameAccessibilityElementGenerator.m; sourceTree = "<group>"; };
		42C041881B86027E002C4EBF /* DTCoreTextLayoutLine.h */ = {isa = PBXFileReference; fileEncoding = 4; lastKnownFileType = sourcecode.c.h; path = DTCoreTextLayoutLine.h; sourceTree = "<group>"; };
		42C041891B86027E002C4EBF /* DTCoreTextLayoutLine.m */ = {isa = PBXFileReference; fileEncoding = 4; lastKnownFileType = sourcecode.c.objc; path = DTCoreTextLayoutLine.m; sourceTree = "<group>"; };
		42C0418A1B86027E002C4EBF /* DTCoreTextMacros.h */ = {isa = PBXFileReference; fileEncoding = 4; lastKnownFileType = sourcecode.c.h; path = DTCoreTextMacros.h; sourceTree = "<group>"; };
		42C0418B1B86027E002C4EBF /* DTCoreTextParagraphStyle.h */ = {isa = PBXFileReference; fileEncoding = 4; lastKnownFileType = sourcecode.c.h; path = DTCoreTextParagraphStyle.h; sourceTree = "<group>"; };
		42C0418C1B86027E002C4EBF /* DTCoreTextParagraphStyle.m */ = {isa = PBXFileReference; fileEncoding = 4; lastKnownFileType = sourcecode.c.objc; path = DTCoreTextParagraphStyle.m; sourceTree = "<group>"; };
		42C0418D1B86027E002C4EBF /* DTCSSListStyle.h */ = {isa = PBXFileReference; fileEncoding = 4; lastKnownFileType = sourcecode.c.h; path = DTCSSListStyle.h; sourceTree = "<group>"; };
		42C0418E1B86027E002C4EBF /* DTCSSListStyle.m */ = {isa = PBXFileReference; fileEncoding = 4; lastKnownFileType = sourcecode.c.objc; path = DTCSSListStyle.m; sourceTree = "<group>"; };
		42C0418F1B86027E002C4EBF /* DTCSSStylesheet.h */ = {isa = PBXFileReference; fileEncoding = 4; lastKnownFileType = sourcecode.c.h; path = DTCSSStylesheet.h; sourceTree = "<group>"; };
		42C041901B86027E002C4EBF /* DTCSSStylesheet.m */ = {isa = PBXFileReference; fileEncoding = 4; lastKnownFileType = sourcecode.c.objc; path = DTCSSStylesheet.m; sourceTree = "<group>"; };
		42C041911B86027E002C4EBF /* DTDictationPlaceholderTextAttachment.h */ = {isa = PBXFileReference; fileEncoding = 4; lastKnownFileType = sourcecode.c.h; path = DTDictationPlaceholderTextAttachment.h; sourceTree = "<group>"; };
		42C041921B86027E002C4EBF /* DTDictationPlaceholderTextAttachment.m */ = {isa = PBXFileReference; fileEncoding = 4; lastKnownFileType = sourcecode.c.objc; path = DTDictationPlaceholderTextAttachment.m; sourceTree = "<group>"; };
		42C041931B86027E002C4EBF /* DTDictationPlaceholderView.h */ = {isa = PBXFileReference; fileEncoding = 4; lastKnownFileType = sourcecode.c.h; path = DTDictationPlaceholderView.h; sourceTree = "<group>"; };
		42C041941B86027E002C4EBF /* DTDictationPlaceholderView.m */ = {isa = PBXFileReference; fileEncoding = 4; lastKnownFileType = sourcecode.c.objc; path = DTDictationPlaceholderView.m; sourceTree = "<group>"; };
		42C041951B86027E002C4EBF /* DTHorizontalRuleHTMLElement.h */ = {isa = PBXFileReference; fileEncoding = 4; lastKnownFileType = sourcecode.c.h; path = DTHorizontalRuleHTMLElement.h; sourceTree = "<group>"; };
		42C041961B86027E002C4EBF /* DTHorizontalRuleHTMLElement.m */ = {isa = PBXFileReference; fileEncoding = 4; lastKnownFileType = sourcecode.c.objc; path = DTHorizontalRuleHTMLElement.m; sourceTree = "<group>"; };
		42C041971B86027E002C4EBF /* DTHTMLAttributedStringBuilder.h */ = {isa = PBXFileReference; fileEncoding = 4; lastKnownFileType = sourcecode.c.h; path = DTHTMLAttributedStringBuilder.h; sourceTree = "<group>"; };
		42C041981B86027E002C4EBF /* DTHTMLAttributedStringBuilder.m */ = {isa = PBXFileReference; fileEncoding = 4; lastKnownFileType = sourcecode.c.objc; path = DTHTMLAttributedStringBuilder.m; sourceTree = "<group>"; };
		42C041991B86027E002C4EBF /* DTHTMLElement.h */ = {isa = PBXFileReference; fileEncoding = 4; lastKnownFileType = sourcecode.c.h; path = DTHTMLElement.h; sourceTree = "<group>"; };
		42C0419A1B86027E002C4EBF /* DTHTMLElement.m */ = {isa = PBXFileReference; fileEncoding = 4; lastKnownFileType = sourcecode.c.objc; path = DTHTMLElement.m; sourceTree = "<group>"; };
		42C0419B1B86027E002C4EBF /* DTHTMLParserNode.h */ = {isa = PBXFileReference; fileEncoding = 4; lastKnownFileType = sourcecode.c.h; path = DTHTMLParserNode.h; sourceTree = "<group>"; };
		42C0419C1B86027E002C4EBF /* DTHTMLParserNode.m */ = {isa = PBXFileReference; fileEncoding = 4; lastKnownFileType = sourcecode.c.objc; path = DTHTMLParserNode.m; sourceTree = "<group>"; };
		42C0419D1B86027E002C4EBF /* DTHTMLParserTextNode.h */ = {isa = PBXFileReference; fileEncoding = 4; lastKnownFileType = sourcecode.c.h; path = DTHTMLParserTextNode.h; sourceTree = "<group>"; };
		42C0419E1B86027E002C4EBF /* DTHTMLParserTextNode.m */ = {isa = PBXFileReference; fileEncoding = 4; lastKnownFileType = sourcecode.c.objc; path = DTHTMLParserTextNode.m; sourceTree = "<group>"; };
		42C0419F1B86027E002C4EBF /* DTHTMLWriter.h */ = {isa = PBXFileReference; fileEncoding = 4; lastKnownFileType = sourcecode.c.h; path = DTHTMLWriter.h; sourceTree = "<group>"; };
		42C041A01B86027E002C4EBF /* DTHTMLWriter.m */ = {isa = PBXFileReference; fileEncoding = 4; lastKnownFileType = sourcecode.c.objc; path = DTHTMLWriter.m; sourceTree = "<group>"; };
		42C041A11B86027E002C4EBF /* DTIframeTextAttachment.h */ = {isa = PBXFileReference; fileEncoding = 4; lastKnownFileType = sourcecode.c.h; path = DTIframeTextAttachment.h; sourceTree = "<group>"; };
		42C041A21B86027E002C4EBF /* DTIframeTextAttachment.m */ = {isa = PBXFileReference; fileEncoding = 4; lastKnownFileType = sourcecode.c.objc; path = DTIframeTextAttachment.m; sourceTree = "<group>"; };
		42C041A31B86027E002C4EBF /* DTImage+HTML.h */ = {isa = PBXFileReference; fileEncoding = 4; lastKnownFileType = sourcecode.c.h; path = "DTImage+HTML.h"; sourceTree = "<group>"; };
		42C041A41B86027E002C4EBF /* DTImage+HTML.m */ = {isa = PBXFileReference; fileEncoding = 4; lastKnownFileType = sourcecode.c.objc; path = "DTImage+HTML.m"; sourceTree = "<group>"; };
		42C041A51B86027E002C4EBF /* DTImageTextAttachment.h */ = {isa = PBXFileReference; fileEncoding = 4; lastKnownFileType = sourcecode.c.h; path = DTImageTextAttachment.h; sourceTree = "<group>"; };
		42C041A61B86027E002C4EBF /* DTImageTextAttachment.m */ = {isa = PBXFileReference; fileEncoding = 4; lastKnownFileType = sourcecode.c.objc; path = DTImageTextAttachment.m; sourceTree = "<group>"; };
		42C041A71B86027E002C4EBF /* DTLazyImageView.h */ = {isa = PBXFileReference; fileEncoding = 4; lastKnownFileType = sourcecode.c.h; path = DTLazyImageView.h; sourceTree = "<group>"; };
		42C041A81B86027E002C4EBF /* DTLazyImageView.m */ = {isa = PBXFileReference; fileEncoding = 4; lastKnownFileType = sourcecode.c.objc; path = DTLazyImageView.m; sourceTree = "<group>"; };
		42C041A91B86027E002C4EBF /* DTLinkButton.h */ = {isa = PBXFileReference; fileEncoding = 4; lastKnownFileType = sourcecode.c.h; path = DTLinkButton.h; sourceTree = "<group>"; };
		42C041AA1B86027E002C4EBF /* DTLinkButton.m */ = {isa = PBXFileReference; fileEncoding = 4; lastKnownFileType = sourcecode.c.objc; path = DTLinkButton.m; sourceTree = "<group>"; };
		42C041AB1B86027E002C4EBF /* DTListItemHTMLElement.h */ = {isa = PBXFileReference; fileEncoding = 4; lastKnownFileType = sourcecode.c.h; path = DTListItemHTMLElement.h; sourceTree = "<group>"; };
		42C041AC1B86027E002C4EBF /* DTListItemHTMLElement.m */ = {isa = PBXFileReference; fileEncoding = 4; lastKnownFileType = sourcecode.c.objc; path = DTListItemHTMLElement.m; sourceTree = "<group>"; };
		42C041AD1B86027E002C4EBF /* DTObjectTextAttachment.h */ = {isa = PBXFileReference; fileEncoding = 4; lastKnownFileType = sourcecode.c.h; path = DTObjectTextAttachment.h; sourceTree = "<group>"; };
		42C041AE1B86027E002C4EBF /* DTObjectTextAttachment.m */ = {isa = PBXFileReference; fileEncoding = 4; lastKnownFileType = sourcecode.c.objc; path = DTObjectTextAttachment.m; sourceTree = "<group>"; };
		42C041AF1B86027E002C4EBF /* DTStylesheetHTMLElement.h */ = {isa = PBXFileReference; fileEncoding = 4; lastKnownFileType = sourcecode.c.h; path = DTStylesheetHTMLElement.h; sourceTree = "<group>"; };
		42C041B01B86027E002C4EBF /* DTStylesheetHTMLElement.m */ = {isa = PBXFileReference; fileEncoding = 4; lastKnownFileType = sourcecode.c.objc; path = DTStylesheetHTMLElement.m; sourceTree = "<group>"; };
		42C041B11B86027E002C4EBF /* DTTextAttachment.h */ = {isa = PBXFileReference; fileEncoding = 4; lastKnownFileType = sourcecode.c.h; path = DTTextAttachment.h; sourceTree = "<group>"; };
		42C041B21B86027E002C4EBF /* DTTextAttachment.m */ = {isa = PBXFileReference; fileEncoding = 4; lastKnownFileType = sourcecode.c.objc; path = DTTextAttachment.m; sourceTree = "<group>"; };
		42C041B31B86027E002C4EBF /* DTTextAttachmentHTMLElement.h */ = {isa = PBXFileReference; fileEncoding = 4; lastKnownFileType = sourcecode.c.h; path = DTTextAttachmentHTMLElement.h; sourceTree = "<group>"; };
		42C041B41B86027E002C4EBF /* DTTextAttachmentHTMLElement.m */ = {isa = PBXFileReference; fileEncoding = 4; lastKnownFileType = sourcecode.c.objc; path = DTTextAttachmentHTMLElement.m; sourceTree = "<group>"; };
		42C041B51B86027E002C4EBF /* DTTextBlock.h */ = {isa = PBXFileReference; fileEncoding = 4; lastKnownFileType = sourcecode.c.h; path = DTTextBlock.h; sourceTree = "<group>"; };
		42C041B61B86027E002C4EBF /* DTTextBlock.m */ = {isa = PBXFileReference; fileEncoding = 4; lastKnownFileType = sourcecode.c.objc; path = DTTextBlock.m; sourceTree = "<group>"; };
		42C041B71B86027E002C4EBF /* DTTextHTMLElement.h */ = {isa = PBXFileReference; fileEncoding = 4; lastKnownFileType = sourcecode.c.h; path = DTTextHTMLElement.h; sourceTree = "<group>"; };
		42C041B81B86027E002C4EBF /* DTTextHTMLElement.m */ = {isa = PBXFileReference; fileEncoding = 4; lastKnownFileType = sourcecode.c.objc; path = DTTextHTMLElement.m; sourceTree = "<group>"; };
		42C041B91B86027E002C4EBF /* DTVideoTextAttachment.h */ = {isa = PBXFileReference; fileEncoding = 4; lastKnownFileType = sourcecode.c.h; path = DTVideoTextAttachment.h; sourceTree = "<group>"; };
		42C041BA1B86027E002C4EBF /* DTVideoTextAttachment.m */ = {isa = PBXFileReference; fileEncoding = 4; lastKnownFileType = sourcecode.c.objc; path = DTVideoTextAttachment.m; sourceTree = "<group>"; };
		42C041BB1B86027E002C4EBF /* DTWeakSupport.h */ = {isa = PBXFileReference; fileEncoding = 4; lastKnownFileType = sourcecode.c.h; path = DTWeakSupport.h; sourceTree = "<group>"; };
		42C041BC1B86027E002C4EBF /* DTWebVideoView.h */ = {isa = PBXFileReference; fileEncoding = 4; lastKnownFileType = sourcecode.c.h; path = DTWebVideoView.h; sourceTree = "<group>"; };
		42C041BD1B86027E002C4EBF /* DTWebVideoView.m */ = {isa = PBXFileReference; fileEncoding = 4; lastKnownFileType = sourcecode.c.objc; path = DTWebVideoView.m; sourceTree = "<group>"; };
		42C041BE1B86027E002C4EBF /* NSAttributedString+DTCoreText.h */ = {isa = PBXFileReference; fileEncoding = 4; lastKnownFileType = sourcecode.c.h; path = "NSAttributedString+DTCoreText.h"; sourceTree = "<group>"; };
		42C041BF1B86027E002C4EBF /* NSAttributedString+DTCoreText.m */ = {isa = PBXFileReference; fileEncoding = 4; lastKnownFileType = sourcecode.c.objc; path = "NSAttributedString+DTCoreText.m"; sourceTree = "<group>"; };
		42C041C01B86027E002C4EBF /* NSAttributedString+DTDebug.h */ = {isa = PBXFileReference; fileEncoding = 4; lastKnownFileType = sourcecode.c.h; path = "NSAttributedString+DTDebug.h"; sourceTree = "<group>"; };
		42C041C11B86027E002C4EBF /* NSAttributedString+DTDebug.m */ = {isa = PBXFileReference; fileEncoding = 4; lastKnownFileType = sourcecode.c.objc; path = "NSAttributedString+DTDebug.m"; sourceTree = "<group>"; };
		42C041C21B86027E002C4EBF /* NSAttributedString+HTML.h */ = {isa = PBXFileReference; fileEncoding = 4; lastKnownFileType = sourcecode.c.h; path = "NSAttributedString+HTML.h"; sourceTree = "<group>"; };
		42C041C31B86027E002C4EBF /* NSAttributedString+HTML.m */ = {isa = PBXFileReference; fileEncoding = 4; lastKnownFileType = sourcecode.c.objc; path = "NSAttributedString+HTML.m"; sourceTree = "<group>"; };
		42C041C41B86027E002C4EBF /* NSAttributedString+SmallCaps.h */ = {isa = PBXFileReference; fileEncoding = 4; lastKnownFileType = sourcecode.c.h; path = "NSAttributedString+SmallCaps.h"; sourceTree = "<group>"; };
		42C041C51B86027E002C4EBF /* NSAttributedString+SmallCaps.m */ = {isa = PBXFileReference; fileEncoding = 4; lastKnownFileType = sourcecode.c.objc; path = "NSAttributedString+SmallCaps.m"; sourceTree = "<group>"; };
		42C041C61B86027E002C4EBF /* NSAttributedStringRunDelegates.h */ = {isa = PBXFileReference; fileEncoding = 4; lastKnownFileType = sourcecode.c.h; path = NSAttributedStringRunDelegates.h; sourceTree = "<group>"; };
		42C041C71B86027E002C4EBF /* NSAttributedStringRunDelegates.m */ = {isa = PBXFileReference; fileEncoding = 4; lastKnownFileType = sourcecode.c.objc; path = NSAttributedStringRunDelegates.m; sourceTree = "<group>"; };
		42C041C81B86027E002C4EBF /* NSCharacterSet+HTML.h */ = {isa = PBXFileReference; fileEncoding = 4; lastKnownFileType = sourcecode.c.h; path = "NSCharacterSet+HTML.h"; sourceTree = "<group>"; };
		42C041C91B86027E002C4EBF /* NSCharacterSet+HTML.m */ = {isa = PBXFileReference; fileEncoding = 4; lastKnownFileType = sourcecode.c.objc; path = "NSCharacterSet+HTML.m"; sourceTree = "<group>"; };
		42C041CA1B86027E002C4EBF /* NSCoder+DTCompatibility.h */ = {isa = PBXFileReference; fileEncoding = 4; lastKnownFileType = sourcecode.c.h; path = "NSCoder+DTCompatibility.h"; sourceTree = "<group>"; };
		42C041CB1B86027E002C4EBF /* NSCoder+DTCompatibility.m */ = {isa = PBXFileReference; fileEncoding = 4; lastKnownFileType = sourcecode.c.objc; path = "NSCoder+DTCompatibility.m"; sourceTree = "<group>"; };
		42C041CC1B86027E002C4EBF /* NSDictionary+DTCoreText.h */ = {isa = PBXFileReference; fileEncoding = 4; lastKnownFileType = sourcecode.c.h; path = "NSDictionary+DTCoreText.h"; sourceTree = "<group>"; };
		42C041CD1B86027E002C4EBF /* NSDictionary+DTCoreText.m */ = {isa = PBXFileReference; fileEncoding = 4; lastKnownFileType = sourcecode.c.objc; path = "NSDictionary+DTCoreText.m"; sourceTree = "<group>"; };
		42C041CE1B86027E002C4EBF /* NSMutableAttributedString+HTML.h */ = {isa = PBXFileReference; fileEncoding = 4; lastKnownFileType = sourcecode.c.h; path = "NSMutableAttributedString+HTML.h"; sourceTree = "<group>"; };
		42C041CF1B86027E002C4EBF /* NSMutableAttributedString+HTML.m */ = {isa = PBXFileReference; fileEncoding = 4; lastKnownFileType = sourcecode.c.objc; path = "NSMutableAttributedString+HTML.m"; sourceTree = "<group>"; };
		42C041D01B86027E002C4EBF /* NSMutableString+HTML.h */ = {isa = PBXFileReference; fileEncoding = 4; lastKnownFileType = sourcecode.c.h; path = "NSMutableString+HTML.h"; sourceTree = "<group>"; };
		42C041D11B86027E002C4EBF /* NSMutableString+HTML.m */ = {isa = PBXFileReference; fileEncoding = 4; lastKnownFileType = sourcecode.c.objc; path = "NSMutableString+HTML.m"; sourceTree = "<group>"; };
		42C041D21B86027E002C4EBF /* NSScanner+HTML.h */ = {isa = PBXFileReference; fileEncoding = 4; lastKnownFileType = sourcecode.c.h; path = "NSScanner+HTML.h"; sourceTree = "<group>"; };
		42C041D31B86027E002C4EBF /* NSScanner+HTML.m */ = {isa = PBXFileReference; fileEncoding = 4; lastKnownFileType = sourcecode.c.objc; path = "NSScanner+HTML.m"; sourceTree = "<group>"; };
		42C041D41B86027E002C4EBF /* NSString+CSS.h */ = {isa = PBXFileReference; fileEncoding = 4; lastKnownFileType = sourcecode.c.h; path = "NSString+CSS.h"; sourceTree = "<group>"; };
		42C041D51B86027E002C4EBF /* NSString+CSS.m */ = {isa = PBXFileReference; fileEncoding = 4; lastKnownFileType = sourcecode.c.objc; path = "NSString+CSS.m"; sourceTree = "<group>"; };
		42C041D61B86027E002C4EBF /* NSString+HTML.h */ = {isa = PBXFileReference; fileEncoding = 4; lastKnownFileType = sourcecode.c.h; path = "NSString+HTML.h"; sourceTree = "<group>"; };
		42C041D71B86027E002C4EBF /* NSString+HTML.m */ = {isa = PBXFileReference; fileEncoding = 4; lastKnownFileType = sourcecode.c.objc; path = "NSString+HTML.m"; sourceTree = "<group>"; };
		42C041D81B86027E002C4EBF /* NSString+Paragraphs.h */ = {isa = PBXFileReference; fileEncoding = 4; lastKnownFileType = sourcecode.c.h; path = "NSString+Paragraphs.h"; sourceTree = "<group>"; };
		42C041D91B86027E002C4EBF /* NSString+Paragraphs.m */ = {isa = PBXFileReference; fileEncoding = 4; lastKnownFileType = sourcecode.c.objc; path = "NSString+Paragraphs.m"; sourceTree = "<group>"; };
		42C041DA1B86027E002C4EBF /* UIFont+DTCoreText.h */ = {isa = PBXFileReference; fileEncoding = 4; lastKnownFileType = sourcecode.c.h; path = "UIFont+DTCoreText.h"; sourceTree = "<group>"; };
		42C041DB1B86027E002C4EBF /* UIFont+DTCoreText.m */ = {isa = PBXFileReference; fileEncoding = 4; lastKnownFileType = sourcecode.c.objc; path = "UIFont+DTCoreText.m"; sourceTree = "<group>"; };
		42C0425B1B86028A002C4EBF /* DTFoundation.framework */ = {isa = PBXFileReference; lastKnownFileType = wrapper.framework; path = DTFoundation.framework; sourceTree = "<group>"; };
/* End PBXFileReference section */

/* Begin PBXFrameworksBuildPhase section */
		42C0413A1B86022B002C4EBF /* Frameworks */ = {
			isa = PBXFrameworksBuildPhase;
			buildActionMask = 2147483647;
			files = (
				42C0425C1B86028A002C4EBF /* DTFoundation.framework in Frameworks */,
			);
			runOnlyForDeploymentPostprocessing = 0;
		};
/* End PBXFrameworksBuildPhase section */

/* Begin PBXGroup section */
		42C041341B86022B002C4EBF = {
			isa = PBXGroup;
			children = (
				42C041591B86027E002C4EBF /* Core */,
				42C0413E1B86022B002C4EBF /* Products */,
				42C0425B1B86028A002C4EBF /* DTFoundation.framework */,
			);
			sourceTree = "<group>";
		};
		42C0413E1B86022B002C4EBF /* Products */ = {
			isa = PBXGroup;
			children = (
				42C0413D1B86022B002C4EBF /* libDTCoreText.a */,
			);
			name = Products;
			sourceTree = "<group>";
		};
		42C041591B86027E002C4EBF /* Core */ = {
			isa = PBXGroup;
			children = (
				42C0415B1B86027E002C4EBF /* DTCoreText-Prefix.pch */,
				42C0415C1B86027E002C4EBF /* Source */,
			);
			path = Core;
			sourceTree = "<group>";
		};
		42C0415C1B86027E002C4EBF /* Source */ = {
			isa = PBXGroup;
			children = (
				42C0415D1B86027E002C4EBF /* CTLineUtils.h */,
				42C0415E1B86027E002C4EBF /* CTLineUtils.m */,
				42C041601B86027E002C4EBF /* DTAccessibilityElement.h */,
				42C041611B86027E002C4EBF /* DTAccessibilityElement.m */,
				42C041621B86027E002C4EBF /* DTAccessibilityViewProxy.h */,
				42C041631B86027E002C4EBF /* DTAccessibilityViewProxy.m */,
				42C041641B86027E002C4EBF /* DTAnchorHTMLElement.h */,
				42C041651B86027E002C4EBF /* DTAnchorHTMLElement.m */,
				42C041661B86027E002C4EBF /* DTAttributedLabel.h */,
				42C041671B86027E002C4EBF /* DTAttributedLabel.m */,
				42C041681B86027E002C4EBF /* DTAttributedTextCell.h */,
				42C041691B86027E002C4EBF /* DTAttributedTextCell.m */,
				42C0416A1B86027E002C4EBF /* DTAttributedTextContentView.h */,
				42C0416B1B86027E002C4EBF /* DTAttributedTextContentView.m */,
				42C0416C1B86027E002C4EBF /* DTAttributedTextView.h */,
				42C0416D1B86027E002C4EBF /* DTAttributedTextView.m */,
				42C0416E1B86027E002C4EBF /* DTBreakHTMLElement.h */,
				42C0416F1B86027E002C4EBF /* DTBreakHTMLElement.m */,
				42C041701B86027E002C4EBF /* DTColor+Compatibility.h */,
				42C041711B86027E002C4EBF /* DTColor+Compatibility.m */,
				42C041721B86027E002C4EBF /* DTColorFunctions.h */,
				42C041731B86027E002C4EBF /* DTColorFunctions.m */,
				42C041741B86027E002C4EBF /* DTCompatibility.h */,
				42C041751B86027E002C4EBF /* DTCoreText.h */,
				42C041761B86027E002C4EBF /* DTCoreTextConstants.h */,
				42C041771B86027E002C4EBF /* DTCoreTextConstants.m */,
				42C041781B86027E002C4EBF /* DTCoreTextFontCollection.h */,
				42C041791B86027E002C4EBF /* DTCoreTextFontCollection.m */,
				42C0417A1B86027E002C4EBF /* DTCoreTextFontDescriptor.h */,
				42C0417B1B86027E002C4EBF /* DTCoreTextFontDescriptor.m */,
				42C0417C1B86027E002C4EBF /* DTCoreTextFunctions.h */,
				42C0417D1B86027E002C4EBF /* DTCoreTextFunctions.m */,
				42C0417E1B86027E002C4EBF /* DTCoreTextGlyphRun.h */,
				42C0417F1B86027E002C4EBF /* DTCoreTextGlyphRun.m */,
				42C041801B86027E002C4EBF /* DTCoreTextLayouter.h */,
				42C041811B86027E002C4EBF /* DTCoreTextLayouter.m */,
				42C041821B86027E002C4EBF /* DTCoreTextLayoutFrame+Cursor.h */,
				42C041831B86027E002C4EBF /* DTCoreTextLayoutFrame+Cursor.m */,
				42C041841B86027E002C4EBF /* DTCoreTextLayoutFrame.h */,
				42C041851B86027E002C4EBF /* DTCoreTextLayoutFrame.m */,
				42C041861B86027E002C4EBF /* DTCoreTextLayoutFrameAccessibilityElementGenerator.h */,
				42C041871B86027E002C4EBF /* DTCoreTextLayoutFrameAccessibilityElementGenerator.m */,
				42C041881B86027E002C4EBF /* DTCoreTextLayoutLine.h */,
				42C041891B86027E002C4EBF /* DTCoreTextLayoutLine.m */,
				42C0418A1B86027E002C4EBF /* DTCoreTextMacros.h */,
				42C0418B1B86027E002C4EBF /* DTCoreTextParagraphStyle.h */,
				42C0418C1B86027E002C4EBF /* DTCoreTextParagraphStyle.m */,
				42C0418D1B86027E002C4EBF /* DTCSSListStyle.h */,
				42C0418E1B86027E002C4EBF /* DTCSSListStyle.m */,
				42C0418F1B86027E002C4EBF /* DTCSSStylesheet.h */,
				42C041901B86027E002C4EBF /* DTCSSStylesheet.m */,
				42C041911B86027E002C4EBF /* DTDictationPlaceholderTextAttachment.h */,
				42C041921B86027E002C4EBF /* DTDictationPlaceholderTextAttachment.m */,
				42C041931B86027E002C4EBF /* DTDictationPlaceholderView.h */,
				42C041941B86027E002C4EBF /* DTDictationPlaceholderView.m */,
				42C041951B86027E002C4EBF /* DTHorizontalRuleHTMLElement.h */,
				42C041961B86027E002C4EBF /* DTHorizontalRuleHTMLElement.m */,
				42C041971B86027E002C4EBF /* DTHTMLAttributedStringBuilder.h */,
				42C041981B86027E002C4EBF /* DTHTMLAttributedStringBuilder.m */,
				42C041991B86027E002C4EBF /* DTHTMLElement.h */,
				42C0419A1B86027E002C4EBF /* DTHTMLElement.m */,
				42C0419B1B86027E002C4EBF /* DTHTMLParserNode.h */,
				42C0419C1B86027E002C4EBF /* DTHTMLParserNode.m */,
				42C0419D1B86027E002C4EBF /* DTHTMLParserTextNode.h */,
				42C0419E1B86027E002C4EBF /* DTHTMLParserTextNode.m */,
				42C0419F1B86027E002C4EBF /* DTHTMLWriter.h */,
				42C041A01B86027E002C4EBF /* DTHTMLWriter.m */,
				42C041A11B86027E002C4EBF /* DTIframeTextAttachment.h */,
				42C041A21B86027E002C4EBF /* DTIframeTextAttachment.m */,
				42C041A31B86027E002C4EBF /* DTImage+HTML.h */,
				42C041A41B86027E002C4EBF /* DTImage+HTML.m */,
				42C041A51B86027E002C4EBF /* DTImageTextAttachment.h */,
				42C041A61B86027E002C4EBF /* DTImageTextAttachment.m */,
				42C041A71B86027E002C4EBF /* DTLazyImageView.h */,
				42C041A81B86027E002C4EBF /* DTLazyImageView.m */,
				42C041A91B86027E002C4EBF /* DTLinkButton.h */,
				42C041AA1B86027E002C4EBF /* DTLinkButton.m */,
				42C041AB1B86027E002C4EBF /* DTListItemHTMLElement.h */,
				42C041AC1B86027E002C4EBF /* DTListItemHTMLElement.m */,
				42C041AD1B86027E002C4EBF /* DTObjectTextAttachment.h */,
				42C041AE1B86027E002C4EBF /* DTObjectTextAttachment.m */,
				42C041AF1B86027E002C4EBF /* DTStylesheetHTMLElement.h */,
				42C041B01B86027E002C4EBF /* DTStylesheetHTMLElement.m */,
				42C041B11B86027E002C4EBF /* DTTextAttachment.h */,
				42C041B21B86027E002C4EBF /* DTTextAttachment.m */,
				42C041B31B86027E002C4EBF /* DTTextAttachmentHTMLElement.h */,
				42C041B41B86027E002C4EBF /* DTTextAttachmentHTMLElement.m */,
				42C041B51B86027E002C4EBF /* DTTextBlock.h */,
				42C041B61B86027E002C4EBF /* DTTextBlock.m */,
				42C041B71B86027E002C4EBF /* DTTextHTMLElement.h */,
				42C041B81B86027E002C4EBF /* DTTextHTMLElement.m */,
				42C041B91B86027E002C4EBF /* DTVideoTextAttachment.h */,
				42C041BA1B86027E002C4EBF /* DTVideoTextAttachment.m */,
				42C041BB1B86027E002C4EBF /* DTWeakSupport.h */,
				42C041BC1B86027E002C4EBF /* DTWebVideoView.h */,
				42C041BD1B86027E002C4EBF /* DTWebVideoView.m */,
				42C041BE1B86027E002C4EBF /* NSAttributedString+DTCoreText.h */,
				42C041BF1B86027E002C4EBF /* NSAttributedString+DTCoreText.m */,
				42C041C01B86027E002C4EBF /* NSAttributedString+DTDebug.h */,
				42C041C11B86027E002C4EBF /* NSAttributedString+DTDebug.m */,
				42C041C21B86027E002C4EBF /* NSAttributedString+HTML.h */,
				42C041C31B86027E002C4EBF /* NSAttributedString+HTML.m */,
				42C041C41B86027E002C4EBF /* NSAttributedString+SmallCaps.h */,
				42C041C51B86027E002C4EBF /* NSAttributedString+SmallCaps.m */,
				42C041C61B86027E002C4EBF /* NSAttributedStringRunDelegates.h */,
				42C041C71B86027E002C4EBF /* NSAttributedStringRunDelegates.m */,
				42C041C81B86027E002C4EBF /* NSCharacterSet+HTML.h */,
				42C041C91B86027E002C4EBF /* NSCharacterSet+HTML.m */,
				42C041CA1B86027E002C4EBF /* NSCoder+DTCompatibility.h */,
				42C041CB1B86027E002C4EBF /* NSCoder+DTCompatibility.m */,
				42C041CC1B86027E002C4EBF /* NSDictionary+DTCoreText.h */,
				42C041CD1B86027E002C4EBF /* NSDictionary+DTCoreText.m */,
				42C041CE1B86027E002C4EBF /* NSMutableAttributedString+HTML.h */,
				42C041CF1B86027E002C4EBF /* NSMutableAttributedString+HTML.m */,
				42C041D01B86027E002C4EBF /* NSMutableString+HTML.h */,
				42C041D11B86027E002C4EBF /* NSMutableString+HTML.m */,
				42C041D21B86027E002C4EBF /* NSScanner+HTML.h */,
				42C041D31B86027E002C4EBF /* NSScanner+HTML.m */,
				42C041D41B86027E002C4EBF /* NSString+CSS.h */,
				42C041D51B86027E002C4EBF /* NSString+CSS.m */,
				42C041D61B86027E002C4EBF /* NSString+HTML.h */,
				42C041D71B86027E002C4EBF /* NSString+HTML.m */,
				42C041D81B86027E002C4EBF /* NSString+Paragraphs.h */,
				42C041D91B86027E002C4EBF /* NSString+Paragraphs.m */,
				42C041DA1B86027E002C4EBF /* UIFont+DTCoreText.h */,
				42C041DB1B86027E002C4EBF /* UIFont+DTCoreText.m */,
			);
			path = Source;
			sourceTree = "<group>";
		};
/* End PBXGroup section */

/* Begin PBXHeadersBuildPhase section */
		42C041571B86026B002C4EBF /* Headers */ = {
			isa = PBXHeadersBuildPhase;
			buildActionMask = 2147483647;
			files = (
				42C041FD1B86027E002C4EBF /* DTCoreTextGlyphRun.h in Headers */,
				42C042121B86027E002C4EBF /* DTDictationPlaceholderView.h in Headers */,
				42C0420A1B86027E002C4EBF /* DTCoreTextParagraphStyle.h in Headers */,
				42C0420E1B86027E002C4EBF /* DTCSSStylesheet.h in Headers */,
				42C041FB1B86027E002C4EBF /* DTCoreTextFunctions.h in Headers */,
				42C042361B86027F002C4EBF /* DTTextHTMLElement.h in Headers */,
				42C042261B86027F002C4EBF /* DTLazyImageView.h in Headers */,
				42C041F11B86027E002C4EBF /* DTColorFunctions.h in Headers */,
				42C041ED1B86027E002C4EBF /* DTBreakHTMLElement.h in Headers */,
				42C042031B86027E002C4EBF /* DTCoreTextLayoutFrame.h in Headers */,
				42C042201B86027E002C4EBF /* DTIframeTextAttachment.h in Headers */,
				42C041E71B86027E002C4EBF /* DTAttributedTextCell.h in Headers */,
				42C042011B86027E002C4EBF /* DTCoreTextLayoutFrame+Cursor.h in Headers */,
				42C041DF1B86027E002C4EBF /* DTAccessibilityElement.h in Headers */,
				42C041F41B86027E002C4EBF /* DTCoreText.h in Headers */,
				42C042411B86027F002C4EBF /* NSAttributedString+HTML.h in Headers */,
				42C042321B86027F002C4EBF /* DTTextAttachmentHTMLElement.h in Headers */,
				42C0421C1B86027E002C4EBF /* DTHTMLParserTextNode.h in Headers */,
				42C042571B86027F002C4EBF /* NSString+Paragraphs.h in Headers */,
				42C042451B86027F002C4EBF /* NSAttributedStringRunDelegates.h in Headers */,
				42C042511B86027F002C4EBF /* NSScanner+HTML.h in Headers */,
				42C042591B86027F002C4EBF /* UIFont+DTCoreText.h in Headers */,
				42C041E11B86027E002C4EBF /* DTAccessibilityViewProxy.h in Headers */,
				42C042341B86027F002C4EBF /* DTTextBlock.h in Headers */,
				42C041F91B86027E002C4EBF /* DTCoreTextFontDescriptor.h in Headers */,
				42C041F51B86027E002C4EBF /* DTCoreTextConstants.h in Headers */,
				42C041EF1B86027E002C4EBF /* DTColor+Compatibility.h in Headers */,
				42C0423D1B86027F002C4EBF /* NSAttributedString+DTCoreText.h in Headers */,
				42C041F31B86027E002C4EBF /* DTCompatibility.h in Headers */,
				42C0423B1B86027F002C4EBF /* DTWebVideoView.h in Headers */,
				42C042221B86027E002C4EBF /* DTImage+HTML.h in Headers */,
				42C042551B86027F002C4EBF /* NSString+HTML.h in Headers */,
				42C041F71B86027E002C4EBF /* DTCoreTextFontCollection.h in Headers */,
				42C041FF1B86027E002C4EBF /* DTCoreTextLayouter.h in Headers */,
				42C042471B86027F002C4EBF /* NSCharacterSet+HTML.h in Headers */,
				42C042071B86027E002C4EBF /* DTCoreTextLayoutLine.h in Headers */,
				42C042381B86027F002C4EBF /* DTVideoTextAttachment.h in Headers */,
				42C041DC1B86027E002C4EBF /* DTCoreText-Prefix.pch in Headers */,
				42C041E31B86027E002C4EBF /* DTAnchorHTMLElement.h in Headers */,
				42C0424B1B86027F002C4EBF /* NSDictionary+DTCoreText.h in Headers */,
				42C0424F1B86027F002C4EBF /* NSMutableString+HTML.h in Headers */,
				42C041DD1B86027E002C4EBF /* CTLineUtils.h in Headers */,
				42C042281B86027F002C4EBF /* DTLinkButton.h in Headers */,
				42C042141B86027E002C4EBF /* DTHorizontalRuleHTMLElement.h in Headers */,
				42C042181B86027E002C4EBF /* DTHTMLElement.h in Headers */,
				42C042531B86027F002C4EBF /* NSString+CSS.h in Headers */,
				42C0423A1B86027F002C4EBF /* DTWeakSupport.h in Headers */,
				42C042491B86027F002C4EBF /* NSCoder+DTCompatibility.h in Headers */,
				42C042161B86027E002C4EBF /* DTHTMLAttributedStringBuilder.h in Headers */,
				42C0420C1B86027E002C4EBF /* DTCSSListStyle.h in Headers */,
				42C042091B86027E002C4EBF /* DTCoreTextMacros.h in Headers */,
				42C0421A1B86027E002C4EBF /* DTHTMLParserNode.h in Headers */,
				42C042241B86027E002C4EBF /* DTImageTextAttachment.h in Headers */,
				42C042301B86027F002C4EBF /* DTTextAttachment.h in Headers */,
				42C0424D1B86027F002C4EBF /* NSMutableAttributedString+HTML.h in Headers */,
				42C041EB1B86027E002C4EBF /* DTAttributedTextView.h in Headers */,
				42C0422E1B86027F002C4EBF /* DTStylesheetHTMLElement.h in Headers */,
				42C041E91B86027E002C4EBF /* DTAttributedTextContentView.h in Headers */,
				42C042101B86027E002C4EBF /* DTDictationPlaceholderTextAttachment.h in Headers */,
				42C042051B86027E002C4EBF /* DTCoreTextLayoutFrameAccessibilityElementGenerator.h in Headers */,
				42C0422A1B86027F002C4EBF /* DTListItemHTMLElement.h in Headers */,
				42C0421E1B86027E002C4EBF /* DTHTMLWriter.h in Headers */,
				42C0423F1B86027F002C4EBF /* NSAttributedString+DTDebug.h in Headers */,
				42C041E51B86027E002C4EBF /* DTAttributedLabel.h in Headers */,
				42C042431B86027F002C4EBF /* NSAttributedString+SmallCaps.h in Headers */,
				42C0422C1B86027F002C4EBF /* DTObjectTextAttachment.h in Headers */,
			);
			runOnlyForDeploymentPostprocessing = 0;
		};
/* End PBXHeadersBuildPhase section */

/* Begin PBXNativeTarget section */
		42C0413C1B86022B002C4EBF /* DTCoreText */ = {
			isa = PBXNativeTarget;
			buildConfigurationList = 42C041511B86022B002C4EBF /* Build configuration list for PBXNativeTarget "DTCoreText" */;
			buildPhases = (
				42C041391B86022B002C4EBF /* Sources */,
				42C0413A1B86022B002C4EBF /* Frameworks */,
				42C0413B1B86022B002C4EBF /* CopyFiles */,
				42C041571B86026B002C4EBF /* Headers */,
				42C041581B86026C002C4EBF /* ShellScript */,
			);
			buildRules = (
			);
			dependencies = (
			);
			name = DTCoreText;
			productName = DTCoreText;
			productReference = 42C0413D1B86022B002C4EBF /* libDTCoreText.a */;
			productType = "com.apple.product-type.library.static";
		};
/* End PBXNativeTarget section */

/* Begin PBXProject section */
		42C041351B86022B002C4EBF /* Project object */ = {
			isa = PBXProject;
			attributes = {
				LastUpgradeCheck = 0640;
				ORGANIZATIONNAME = "Oleksandr Deundiak";
				TargetAttributes = {
					42C0413C1B86022B002C4EBF = {
						CreatedOnToolsVersion = 6.4;
					};
					42C0425D1B86035A002C4EBF = {
						CreatedOnToolsVersion = 6.4;
					};
				};
			};
			buildConfigurationList = 42C041381B86022B002C4EBF /* Build configuration list for PBXProject "DTCoreText" */;
			compatibilityVersion = "Xcode 3.2";
			developmentRegion = English;
			hasScannedForEncodings = 0;
			knownRegions = (
				en,
			);
			mainGroup = 42C041341B86022B002C4EBF;
			productRefGroup = 42C0413E1B86022B002C4EBF /* Products */;
			projectDirPath = "";
			projectRoot = "";
			targets = (
				42C0413C1B86022B002C4EBF /* DTCoreText */,
				42C0425D1B86035A002C4EBF /* Framework */,
			);
		};
/* End PBXProject section */

/* Begin PBXShellScriptBuildPhase section */
		42C041581B86026C002C4EBF /* ShellScript */ = {
			isa = PBXShellScriptBuildPhase;
			buildActionMask = 2147483647;
			files = (
			);
			inputPaths = (
			);
			outputPaths = (
			);
			runOnlyForDeploymentPostprocessing = 0;
			shellPath = /bin/sh;
			shellScript = "set -e\n\nmkdir -p \"${BUILT_PRODUCTS_DIR}/${PRODUCT_NAME}.framework/Versions/A/Headers\"\n\n# Link the \"Current\" version to \"A\"\n/bin/ln -sfh A \"${BUILT_PRODUCTS_DIR}/${PRODUCT_NAME}.framework/Versions/Current\"\n/bin/ln -sfh Versions/Current/Headers \"${BUILT_PRODUCTS_DIR}/${PRODUCT_NAME}.framework/Headers\"\n/bin/ln -sfh \"Versions/Current/${PRODUCT_NAME}\" \"${BUILT_PRODUCTS_DIR}/${PRODUCT_NAME}.framework/${PRODUCT_NAME}\"\n\n# The -a ensures that the headers maintain the source modification date so that we don't constantly\n# cause propagating rebuilds of files that import these headers.\n/bin/cp -a \"${TARGET_BUILD_DIR}/${PUBLIC_HEADERS_FOLDER_PATH}/\" \"${BUILT_PRODUCTS_DIR}/${PRODUCT_NAME}.framework/Versions/A/Headers\"";
		};
		42C042631B860363002C4EBF /* ShellScript */ = {
			isa = PBXShellScriptBuildPhase;
			buildActionMask = 2147483647;
			files = (
			);
			inputPaths = (
			);
			outputPaths = (
			);
			runOnlyForDeploymentPostprocessing = 0;
			shellPath = /bin/sh;
			shellScript = "set -e\nset +u\n# Avoid recursively calling this script.\nif [[ $SF_MASTER_SCRIPT_RUNNING ]]\nthen\nexit 0\nfi\nset -u\nexport SF_MASTER_SCRIPT_RUNNING=1\n\nSF_TARGET_NAME=${PROJECT_NAME}\nSF_EXECUTABLE_PATH=\"lib${SF_TARGET_NAME}.a\"\nSF_WRAPPER_NAME=\"${SF_TARGET_NAME}.framework\"\n\n# The following conditionals come from\n# https://github.com/kstenerud/iOS-Universal-Framework\n\nif [[ \"$SDK_NAME\" =~ ([A-Za-z]+) ]]\nthen\nSF_SDK_PLATFORM=${BASH_REMATCH[1]}\nelse\necho \"Could not find platform name from SDK_NAME: $SDK_NAME\"\nexit 1\nfi\n\nif [[ \"$SDK_NAME\" =~ ([0-9]+.*$) ]]\nthen\nSF_SDK_VERSION=${BASH_REMATCH[1]}\nelse\necho \"Could not find sdk version from SDK_NAME: $SDK_NAME\"\nexit 1\nfi\n\nif [[ \"$SF_SDK_PLATFORM\" = \"iphoneos\" ]]\nthen\nSF_OTHER_PLATFORM=iphonesimulator\nelse\nSF_OTHER_PLATFORM=iphoneos\nfi\n\nif [[ \"$BUILT_PRODUCTS_DIR\" =~ (.*)$SF_SDK_PLATFORM$ ]]\nthen\nSF_OTHER_BUILT_PRODUCTS_DIR=\"${BASH_REMATCH[1]}${SF_OTHER_PLATFORM}\"\nelse\necho \"Could not find platform name from build products directory: $BUILT_PRODUCTS_DIR\"\nexit 1\nfi\n\n# Build the other platform.\nxcrun xcodebuild -project \"${PROJECT_FILE_PATH}\" -target \"${TARGET_NAME}\" -configuration \"${CONFIGURATION}\" -sdk ${SF_OTHER_PLATFORM}${SF_SDK_VERSION} BUILD_DIR=\"${BUILD_DIR}\" OBJROOT=\"${OBJROOT}\" BUILD_ROOT=\"${BUILD_ROOT}\" SYMROOT=\"${SYMROOT}\" $ACTION\n\n# Smash the two static libraries into one fat binary and store it in the .framework\nxcrun lipo -create \"${BUILT_PRODUCTS_DIR}/${SF_EXECUTABLE_PATH}\" \"${SF_OTHER_BUILT_PRODUCTS_DIR}/${SF_EXECUTABLE_PATH}\" -output \"${BUILT_PRODUCTS_DIR}/${SF_WRAPPER_NAME}/Versions/A/${SF_TARGET_NAME}\"\n\n# Copy the binary to the other architecture folder to have a complete framework in both.\ncp -a \"${BUILT_PRODUCTS_DIR}/${SF_WRAPPER_NAME}/Versions/A/${SF_TARGET_NAME}\" \"${SF_OTHER_BUILT_PRODUCTS_DIR}/${SF_WRAPPER_NAME}/Versions/A/${SF_TARGET_NAME}\"";
		};
/* End PBXShellScriptBuildPhase section */

/* Begin PBXSourcesBuildPhase section */
		42C041391B86022B002C4EBF /* Sources */ = {
			isa = PBXSourcesBuildPhase;
			buildActionMask = 2147483647;
			files = (
				42C041E81B86027E002C4EBF /* DTAttributedTextCell.m in Sources */,
				42C042351B86027F002C4EBF /* DTTextBlock.m in Sources */,
				42C041EC1B86027E002C4EBF /* DTAttributedTextView.m in Sources */,
				42C042271B86027F002C4EBF /* DTLazyImageView.m in Sources */,
				42C042251B86027E002C4EBF /* DTImageTextAttachment.m in Sources */,
				42C0420B1B86027E002C4EBF /* DTCoreTextParagraphStyle.m in Sources */,
				42C042371B86027F002C4EBF /* DTTextHTMLElement.m in Sources */,
				42C041E21B86027E002C4EBF /* DTAccessibilityViewProxy.m in Sources */,
				42C042561B86027F002C4EBF /* NSString+HTML.m in Sources */,
				42C0424E1B86027F002C4EBF /* NSMutableAttributedString+HTML.m in Sources */,
				42C042131B86027E002C4EBF /* DTDictationPlaceholderView.m in Sources */,
				42C042391B86027F002C4EBF /* DTVideoTextAttachment.m in Sources */,
				42C042481B86027F002C4EBF /* NSCharacterSet+HTML.m in Sources */,
				42C0421B1B86027E002C4EBF /* DTHTMLParserNode.m in Sources */,
				42C042421B86027F002C4EBF /* NSAttributedString+HTML.m in Sources */,
				42C041F61B86027E002C4EBF /* DTCoreTextConstants.m in Sources */,
				42C041EE1B86027E002C4EBF /* DTBreakHTMLElement.m in Sources */,
				42C0423E1B86027F002C4EBF /* NSAttributedString+DTCoreText.m in Sources */,
				42C041FA1B86027E002C4EBF /* DTCoreTextFontDescriptor.m in Sources */,
				42C041FC1B86027E002C4EBF /* DTCoreTextFunctions.m in Sources */,
				42C042231B86027E002C4EBF /* DTImage+HTML.m in Sources */,
				42C042461B86027F002C4EBF /* NSAttributedStringRunDelegates.m in Sources */,
				42C042541B86027F002C4EBF /* NSString+CSS.m in Sources */,
				42C042401B86027F002C4EBF /* NSAttributedString+DTDebug.m in Sources */,
				42C041F01B86027E002C4EBF /* DTColor+Compatibility.m in Sources */,
				42C0424A1B86027F002C4EBF /* NSCoder+DTCompatibility.m in Sources */,
				42C042291B86027F002C4EBF /* DTLinkButton.m in Sources */,
				42C042151B86027E002C4EBF /* DTHorizontalRuleHTMLElement.m in Sources */,
				42C042191B86027E002C4EBF /* DTHTMLElement.m in Sources */,
				42C042501B86027F002C4EBF /* NSMutableString+HTML.m in Sources */,
				42C042331B86027F002C4EBF /* DTTextAttachmentHTMLElement.m in Sources */,
				42C042081B86027E002C4EBF /* DTCoreTextLayoutLine.m in Sources */,
				42C0421D1B86027E002C4EBF /* DTHTMLParserTextNode.m in Sources */,
				42C0423C1B86027F002C4EBF /* DTWebVideoView.m in Sources */,
				42C0424C1B86027F002C4EBF /* NSDictionary+DTCoreText.m in Sources */,
				42C041DE1B86027E002C4EBF /* CTLineUtils.m in Sources */,
				42C042021B86027E002C4EBF /* DTCoreTextLayoutFrame+Cursor.m in Sources */,
				42C041E41B86027E002C4EBF /* DTAnchorHTMLElement.m in Sources */,
				42C042001B86027E002C4EBF /* DTCoreTextLayouter.m in Sources */,
				42C0421F1B86027E002C4EBF /* DTHTMLWriter.m in Sources */,
				42C042521B86027F002C4EBF /* NSScanner+HTML.m in Sources */,
				42C042041B86027E002C4EBF /* DTCoreTextLayoutFrame.m in Sources */,
				42C042171B86027E002C4EBF /* DTHTMLAttributedStringBuilder.m in Sources */,
				42C042211B86027E002C4EBF /* DTIframeTextAttachment.m in Sources */,
				42C0420F1B86027E002C4EBF /* DTCSSStylesheet.m in Sources */,
				42C041E01B86027E002C4EBF /* DTAccessibilityElement.m in Sources */,
				42C042311B86027F002C4EBF /* DTTextAttachment.m in Sources */,
				42C042441B86027F002C4EBF /* NSAttributedString+SmallCaps.m in Sources */,
				42C042581B86027F002C4EBF /* NSString+Paragraphs.m in Sources */,
				42C0422F1B86027F002C4EBF /* DTStylesheetHTMLElement.m in Sources */,
				42C042111B86027E002C4EBF /* DTDictationPlaceholderTextAttachment.m in Sources */,
				42C041E61B86027E002C4EBF /* DTAttributedLabel.m in Sources */,
				42C042061B86027E002C4EBF /* DTCoreTextLayoutFrameAccessibilityElementGenerator.m in Sources */,
				42C0422B1B86027F002C4EBF /* DTListItemHTMLElement.m in Sources */,
				42C0422D1B86027F002C4EBF /* DTObjectTextAttachment.m in Sources */,
				42C041EA1B86027E002C4EBF /* DTAttributedTextContentView.m in Sources */,
				42C041F21B86027E002C4EBF /* DTColorFunctions.m in Sources */,
				42C0420D1B86027E002C4EBF /* DTCSSListStyle.m in Sources */,
				42C041FE1B86027E002C4EBF /* DTCoreTextGlyphRun.m in Sources */,
				42C041F81B86027E002C4EBF /* DTCoreTextFontCollection.m in Sources */,
				42C0425A1B86027F002C4EBF /* UIFont+DTCoreText.m in Sources */,
			);
			runOnlyForDeploymentPostprocessing = 0;
		};
/* End PBXSourcesBuildPhase section */

/* Begin PBXTargetDependency section */
		42C042621B860360002C4EBF /* PBXTargetDependency */ = {
			isa = PBXTargetDependency;
			target = 42C0413C1B86022B002C4EBF /* DTCoreText */;
			targetProxy = 42C042611B860360002C4EBF /* PBXContainerItemProxy */;
		};
/* End PBXTargetDependency section */

/* Begin XCBuildConfiguration section */
		42C0414F1B86022B002C4EBF /* Debug */ = {
			isa = XCBuildConfiguration;
			buildSettings = {
				ALWAYS_SEARCH_USER_PATHS = NO;
				ARCHS = (
					"$(ARCHS_STANDARD)",
					armv7s,
				);
				CLANG_CXX_LANGUAGE_STANDARD = "gnu++0x";
				CLANG_CXX_LIBRARY = "libc++";
				CLANG_ENABLE_MODULES = YES;
				CLANG_ENABLE_OBJC_ARC = YES;
				CLANG_WARN_BOOL_CONVERSION = YES;
				CLANG_WARN_CONSTANT_CONVERSION = YES;
				CLANG_WARN_DIRECT_OBJC_ISA_USAGE = YES_ERROR;
				CLANG_WARN_EMPTY_BODY = YES;
				CLANG_WARN_ENUM_CONVERSION = YES;
				CLANG_WARN_INT_CONVERSION = YES;
				CLANG_WARN_OBJC_ROOT_CLASS = YES_ERROR;
				CLANG_WARN_UNREACHABLE_CODE = YES;
				CLANG_WARN__DUPLICATE_METHOD_MATCH = YES;
				COPY_PHASE_STRIP = NO;
				DEAD_CODE_STRIPPING = NO;
				DEBUG_INFORMATION_FORMAT = "dwarf-with-dsym";
				ENABLE_STRICT_OBJC_MSGSEND = YES;
				GCC_C_LANGUAGE_STANDARD = gnu99;
				GCC_DYNAMIC_NO_PIC = NO;
				GCC_NO_COMMON_BLOCKS = YES;
				GCC_OPTIMIZATION_LEVEL = 0;
				GCC_PRECOMPILE_PREFIX_HEADER = YES;
				GCC_PREFIX_HEADER = "Core/DTCoreText-Prefix.pch";
				GCC_PREPROCESSOR_DEFINITIONS = (
					"DEBUG=1",
					"$(inherited)",
				);
				GCC_SYMBOLS_PRIVATE_EXTERN = NO;
				GCC_WARN_64_TO_32_BIT_CONVERSION = YES;
				GCC_WARN_ABOUT_RETURN_TYPE = YES_ERROR;
				GCC_WARN_UNDECLARED_SELECTOR = YES;
				GCC_WARN_UNINITIALIZED_AUTOS = YES_AGGRESSIVE;
				GCC_WARN_UNUSED_FUNCTION = YES;
				GCC_WARN_UNUSED_VARIABLE = YES;
				IPHONEOS_DEPLOYMENT_TARGET = 8.4;
				MTL_ENABLE_DEBUG_INFO = YES;
				ONLY_ACTIVE_ARCH = NO;
				PUBLIC_HEADERS_FOLDER_PATH = "$(PROJECT_NAME)Headers";
				SDKROOT = iphoneos;
				STRIP_STYLE = "non-global";
			};
			name = Debug;
		};
		42C041501B86022B002C4EBF /* Release */ = {
			isa = XCBuildConfiguration;
			buildSettings = {
				ALWAYS_SEARCH_USER_PATHS = NO;
				ARCHS = (
					"$(ARCHS_STANDARD)",
					armv7s,
				);
				CLANG_CXX_LANGUAGE_STANDARD = "gnu++0x";
				CLANG_CXX_LIBRARY = "libc++";
				CLANG_ENABLE_MODULES = YES;
				CLANG_ENABLE_OBJC_ARC = YES;
				CLANG_WARN_BOOL_CONVERSION = YES;
				CLANG_WARN_CONSTANT_CONVERSION = YES;
				CLANG_WARN_DIRECT_OBJC_ISA_USAGE = YES_ERROR;
				CLANG_WARN_EMPTY_BODY = YES;
				CLANG_WARN_ENUM_CONVERSION = YES;
				CLANG_WARN_INT_CONVERSION = YES;
				CLANG_WARN_OBJC_ROOT_CLASS = YES_ERROR;
				CLANG_WARN_UNREACHABLE_CODE = YES;
				CLANG_WARN__DUPLICATE_METHOD_MATCH = YES;
				COPY_PHASE_STRIP = NO;
				DEAD_CODE_STRIPPING = NO;
				DEBUG_INFORMATION_FORMAT = "dwarf-with-dsym";
				ENABLE_NS_ASSERTIONS = NO;
				ENABLE_STRICT_OBJC_MSGSEND = YES;
				GCC_C_LANGUAGE_STANDARD = gnu99;
				GCC_NO_COMMON_BLOCKS = YES;
				GCC_PRECOMPILE_PREFIX_HEADER = YES;
				GCC_PREFIX_HEADER = "Core/DTCoreText-Prefix.pch";
				GCC_WARN_64_TO_32_BIT_CONVERSION = YES;
				GCC_WARN_ABOUT_RETURN_TYPE = YES_ERROR;
				GCC_WARN_UNDECLARED_SELECTOR = YES;
				GCC_WARN_UNINITIALIZED_AUTOS = YES_AGGRESSIVE;
				GCC_WARN_UNUSED_FUNCTION = YES;
				GCC_WARN_UNUSED_VARIABLE = YES;
				IPHONEOS_DEPLOYMENT_TARGET = 8.4;
				MTL_ENABLE_DEBUG_INFO = NO;
				PUBLIC_HEADERS_FOLDER_PATH = "$(PROJECT_NAME)Headers";
				SDKROOT = iphoneos;
				STRIP_STYLE = "non-global";
				VALIDATE_PRODUCT = YES;
			};
			name = Release;
		};
		42C041521B86022B002C4EBF /* Debug */ = {
			isa = XCBuildConfiguration;
			buildSettings = {
				FRAMEWORK_SEARCH_PATHS = (
					"$(inherited)",
					"$(PROJECT_DIR)",
				);
				OTHER_LDFLAGS = "-ObjC";
				PRODUCT_NAME = "$(TARGET_NAME)";
				SKIP_INSTALL = YES;
			};
			name = Debug;
		};
		42C041531B86022B002C4EBF /* Release */ = {
			isa = XCBuildConfiguration;
			buildSettings = {
				FRAMEWORK_SEARCH_PATHS = (
					"$(inherited)",
					"$(PROJECT_DIR)",
				);
				OTHER_LDFLAGS = "-ObjC";
				PRODUCT_NAME = "$(TARGET_NAME)";
				SKIP_INSTALL = YES;
			};
			name = Release;
		};
		42C0425F1B86035A002C4EBF /* Debug */ = {
			isa = XCBuildConfiguration;
			buildSettings = {
				PRODUCT_NAME = "$(TARGET_NAME)";
			};
			name = Debug;
		};
		42C042601B86035A002C4EBF /* Release */ = {
			isa = XCBuildConfiguration;
			buildSettings = {
				PRODUCT_NAME = "$(TARGET_NAME)";
			};
			name = Release;
		};
/* End XCBuildConfiguration section */

/* Begin XCConfigurationList section */
		42C041381B86022B002C4EBF /* Build configuration list for PBXProject "DTCoreText" */ = {
			isa = XCConfigurationList;
			buildConfigurations = (
				42C0414F1B86022B002C4EBF /* Debug */,
				42C041501B86022B002C4EBF /* Release */,
			);
			defaultConfigurationIsVisible = 0;
			defaultConfigurationName = Release;
		};
		42C041511B86022B002C4EBF /* Build configuration list for PBXNativeTarget "DTCoreText" */ = {
			isa = XCConfigurationList;
			buildConfigurations = (
				42C041521B86022B002C4EBF /* Debug */,
				42C041531B86022B002C4EBF /* Release */,
			);
			defaultConfigurationIsVisible = 0;
			defaultConfigurationName = Release;
		};
		42C0425E1B86035A002C4EBF /* Build configuration list for PBXAggregateTarget "Framework" */ = {
			isa = XCConfigurationList;
			buildConfigurations = (
				42C0425F1B86035A002C4EBF /* Debug */,
				42C042601B86035A002C4EBF /* Release */,
			);
			defaultConfigurationIsVisible = 0;
		};
/* End XCConfigurationList section */
	};
	rootObject = 42C041351B86022B002C4EBF /* Project object */;
}
